// !$*UTF8*$!
{
	archiveVersion = 1;
	classes = {
	};
	objectVersion = 50;
	objects = {

/* Begin PBXBuildFile section */
		E96D1FE0224B40AF00F93DCD /* MyOrderListView.swift in Sources */ = {isa = PBXBuildFile; fileRef = E96D1FDE224B40AF00F93DCD /* MyOrderListView.swift */; };
		E96D1FE1224B40AF00F93DCD /* MyOrderListView.swift in Sources */ = {isa = PBXBuildFile; fileRef = E96D1FDE224B40AF00F93DCD /* MyOrderListView.swift */; };
		E96D1FE2224B40AF00F93DCD /* MyOrderListView.swift in Sources */ = {isa = PBXBuildFile; fileRef = E96D1FDE224B40AF00F93DCD /* MyOrderListView.swift */; };
		E96D1FE3224B40AF00F93DCD /* MyOrderListView.xib in Resources */ = {isa = PBXBuildFile; fileRef = E96D1FDF224B40AF00F93DCD /* MyOrderListView.xib */; };
		E96D1FE4224B40AF00F93DCD /* MyOrderListView.xib in Resources */ = {isa = PBXBuildFile; fileRef = E96D1FDF224B40AF00F93DCD /* MyOrderListView.xib */; };
		E96D1FE5224B40AF00F93DCD /* MyOrderListView.xib in Resources */ = {isa = PBXBuildFile; fileRef = E96D1FDF224B40AF00F93DCD /* MyOrderListView.xib */; };
		E96D1FE7224B41F300F93DCD /* OrderListModel.swift in Sources */ = {isa = PBXBuildFile; fileRef = E96D1FE6224B41F300F93DCD /* OrderListModel.swift */; };
		E96D1FE8224B41F300F93DCD /* OrderListModel.swift in Sources */ = {isa = PBXBuildFile; fileRef = E96D1FE6224B41F300F93DCD /* OrderListModel.swift */; };
		E96D1FE9224B41F300F93DCD /* OrderListModel.swift in Sources */ = {isa = PBXBuildFile; fileRef = E96D1FE6224B41F300F93DCD /* OrderListModel.swift */; };
		E96D1FEB224B423700F93DCD /* OrderListViewModel.swift in Sources */ = {isa = PBXBuildFile; fileRef = E96D1FEA224B423700F93DCD /* OrderListViewModel.swift */; };
		E96D1FEC224B423700F93DCD /* OrderListViewModel.swift in Sources */ = {isa = PBXBuildFile; fileRef = E96D1FEA224B423700F93DCD /* OrderListViewModel.swift */; };
		E96D1FED224B423700F93DCD /* OrderListViewModel.swift in Sources */ = {isa = PBXBuildFile; fileRef = E96D1FEA224B423700F93DCD /* OrderListViewModel.swift */; };
		E96E068D2244B1C900D2A0CC /* UIImageView.swift in Sources */ = {isa = PBXBuildFile; fileRef = E96E068C2244B1C900D2A0CC /* UIImageView.swift */; };
		E96E068E2244B1C900D2A0CC /* UIImageView.swift in Sources */ = {isa = PBXBuildFile; fileRef = E96E068C2244B1C900D2A0CC /* UIImageView.swift */; };
		E96E068F2244B1C900D2A0CC /* UIImageView.swift in Sources */ = {isa = PBXBuildFile; fileRef = E96E068C2244B1C900D2A0CC /* UIImageView.swift */; };
		E96E06912244B2EC00D2A0CC /* CacheManager.swift in Sources */ = {isa = PBXBuildFile; fileRef = E96E06902244B2EC00D2A0CC /* CacheManager.swift */; };
		E96E06922244B2EC00D2A0CC /* CacheManager.swift in Sources */ = {isa = PBXBuildFile; fileRef = E96E06902244B2EC00D2A0CC /* CacheManager.swift */; };
		E96E06932244B2EC00D2A0CC /* CacheManager.swift in Sources */ = {isa = PBXBuildFile; fileRef = E96E06902244B2EC00D2A0CC /* CacheManager.swift */; };
		E96E06952244C31E00D2A0CC /* Reachability.swift in Sources */ = {isa = PBXBuildFile; fileRef = E96E06942244C31E00D2A0CC /* Reachability.swift */; };
		E96E06962244C31E00D2A0CC /* Reachability.swift in Sources */ = {isa = PBXBuildFile; fileRef = E96E06942244C31E00D2A0CC /* Reachability.swift */; };
		E96E06972244C31E00D2A0CC /* Reachability.swift in Sources */ = {isa = PBXBuildFile; fileRef = E96E06942244C31E00D2A0CC /* Reachability.swift */; };
		E96E06992244C32500D2A0CC /* ReachabilityChecker.swift in Sources */ = {isa = PBXBuildFile; fileRef = E96E06982244C32500D2A0CC /* ReachabilityChecker.swift */; };
		E96E069A2244C32500D2A0CC /* ReachabilityChecker.swift in Sources */ = {isa = PBXBuildFile; fileRef = E96E06982244C32500D2A0CC /* ReachabilityChecker.swift */; };
		E96E069B2244C32500D2A0CC /* ReachabilityChecker.swift in Sources */ = {isa = PBXBuildFile; fileRef = E96E06982244C32500D2A0CC /* ReachabilityChecker.swift */; };
		E96E069F2244C37600D2A0CC /* ProductDetailView.swift in Sources */ = {isa = PBXBuildFile; fileRef = E96E069D2244C37600D2A0CC /* ProductDetailView.swift */; };
		E96E06A02244C37600D2A0CC /* ProductDetailView.swift in Sources */ = {isa = PBXBuildFile; fileRef = E96E069D2244C37600D2A0CC /* ProductDetailView.swift */; };
		E96E06A12244C37600D2A0CC /* ProductDetailView.swift in Sources */ = {isa = PBXBuildFile; fileRef = E96E069D2244C37600D2A0CC /* ProductDetailView.swift */; };
		E96E06A22244C37600D2A0CC /* ProductDetailView.xib in Resources */ = {isa = PBXBuildFile; fileRef = E96E069E2244C37600D2A0CC /* ProductDetailView.xib */; };
		E96E06A32244C37600D2A0CC /* ProductDetailView.xib in Resources */ = {isa = PBXBuildFile; fileRef = E96E069E2244C37600D2A0CC /* ProductDetailView.xib */; };
		E96E06A42244C37600D2A0CC /* ProductDetailView.xib in Resources */ = {isa = PBXBuildFile; fileRef = E96E069E2244C37600D2A0CC /* ProductDetailView.xib */; };
		E96E06A62244CFC700D2A0CC /* ProductDetailModel.swift in Sources */ = {isa = PBXBuildFile; fileRef = E96E06A52244CFC700D2A0CC /* ProductDetailModel.swift */; };
		E96E06A72244CFC700D2A0CC /* ProductDetailModel.swift in Sources */ = {isa = PBXBuildFile; fileRef = E96E06A52244CFC700D2A0CC /* ProductDetailModel.swift */; };
		E96E06A82244CFC700D2A0CC /* ProductDetailModel.swift in Sources */ = {isa = PBXBuildFile; fileRef = E96E06A52244CFC700D2A0CC /* ProductDetailModel.swift */; };
		E96E06AA2244D34B00D2A0CC /* ProductDetailViewModel.swift in Sources */ = {isa = PBXBuildFile; fileRef = E96E06A92244D34B00D2A0CC /* ProductDetailViewModel.swift */; };
		E96E06AB2244D34B00D2A0CC /* ProductDetailViewModel.swift in Sources */ = {isa = PBXBuildFile; fileRef = E96E06A92244D34B00D2A0CC /* ProductDetailViewModel.swift */; };
		E96E06AC2244D34B00D2A0CC /* ProductDetailViewModel.swift in Sources */ = {isa = PBXBuildFile; fileRef = E96E06A92244D34B00D2A0CC /* ProductDetailViewModel.swift */; };
		E97305DC223F7B47006AE040 /* AppDelegate.swift in Sources */ = {isa = PBXBuildFile; fileRef = E97305DB223F7B47006AE040 /* AppDelegate.swift */; };
		E97305DE223F7B47006AE040 /* ViewController.swift in Sources */ = {isa = PBXBuildFile; fileRef = E97305DD223F7B47006AE040 /* ViewController.swift */; };
		E97305E3223F7B53006AE040 /* Assets.xcassets in Resources */ = {isa = PBXBuildFile; fileRef = E97305E2223F7B53006AE040 /* Assets.xcassets */; };
		E97305E6223F7B53006AE040 /* LaunchScreen.storyboard in Resources */ = {isa = PBXBuildFile; fileRef = E97305E4223F7B53006AE040 /* LaunchScreen.storyboard */; };
		E97305F1223F7B54006AE040 /* NeoStoreTests.swift in Sources */ = {isa = PBXBuildFile; fileRef = E97305F0223F7B54006AE040 /* NeoStoreTests.swift */; };
		E97305FC223F7B54006AE040 /* NeoStoreUITests.swift in Sources */ = {isa = PBXBuildFile; fileRef = E97305FB223F7B54006AE040 /* NeoStoreUITests.swift */; };
		E9730610223F7EFC006AE040 /* LoginView.swift in Sources */ = {isa = PBXBuildFile; fileRef = E973060E223F7EFC006AE040 /* LoginView.swift */; };
		E9730611223F7EFC006AE040 /* LoginView.xib in Resources */ = {isa = PBXBuildFile; fileRef = E973060F223F7EFC006AE040 /* LoginView.xib */; };
		E9730619223F8766006AE040 /* APIManager.swift in Sources */ = {isa = PBXBuildFile; fileRef = E9730618223F8766006AE040 /* APIManager.swift */; };
		E973061C223F8990006AE040 /* Constants.swift in Sources */ = {isa = PBXBuildFile; fileRef = E973061B223F8990006AE040 /* Constants.swift */; };
		E973061E223FAF79006AE040 /* NavigationController.swift in Sources */ = {isa = PBXBuildFile; fileRef = E973061D223FAF79006AE040 /* NavigationController.swift */; };
		E9730621223FB132006AE040 /* UIColor.swift in Sources */ = {isa = PBXBuildFile; fileRef = E9730620223FB132006AE040 /* UIColor.swift */; };
		E973065F223FB720006AE040 /* GOTHAM-ULTRA.TTF in Resources */ = {isa = PBXBuildFile; fileRef = E973064D223FB71E006AE040 /* GOTHAM-ULTRA.TTF */; };
		E9730660223FB720006AE040 /* Gotham-Book.otf in Resources */ = {isa = PBXBuildFile; fileRef = E973064E223FB71E006AE040 /* Gotham-Book.otf */; };
		E9730661223FB720006AE040 /* GOTHAM-MEDIUM.TTF in Resources */ = {isa = PBXBuildFile; fileRef = E973064F223FB71E006AE040 /* GOTHAM-MEDIUM.TTF */; };
		E9730662223FB720006AE040 /* GOTHAM-BOLD_0.OTF in Resources */ = {isa = PBXBuildFile; fileRef = E9730650223FB71E006AE040 /* GOTHAM-BOLD_0.OTF */; };
		E9730663223FB720006AE040 /* GOTHAM-XLIGHTITALIC.TTF in Resources */ = {isa = PBXBuildFile; fileRef = E9730651223FB71E006AE040 /* GOTHAM-XLIGHTITALIC.TTF */; };
		E9730664223FB720006AE040 /* GOTHAM-XLIGHT.TTF in Resources */ = {isa = PBXBuildFile; fileRef = E9730652223FB71E006AE040 /* GOTHAM-XLIGHT.TTF */; };
		E9730665223FB720006AE040 /* GOTHAM-THIN.TTF in Resources */ = {isa = PBXBuildFile; fileRef = E9730653223FB71F006AE040 /* GOTHAM-THIN.TTF */; };
		E9730666223FB720006AE040 /* GOTHAM-ULTRAITALIC.TTF in Resources */ = {isa = PBXBuildFile; fileRef = E9730654223FB71F006AE040 /* GOTHAM-ULTRAITALIC.TTF */; };
		E9730667223FB720006AE040 /* GOTHAM-BLACKITALIC.TTF in Resources */ = {isa = PBXBuildFile; fileRef = E9730655223FB71F006AE040 /* GOTHAM-BLACKITALIC.TTF */; };
		E9730668223FB720006AE040 /* GOTHAM-BOLDITALIC.TTF in Resources */ = {isa = PBXBuildFile; fileRef = E9730656223FB71F006AE040 /* GOTHAM-BOLDITALIC.TTF */; };
		E9730669223FB720006AE040 /* GOTHAM-BOOKITALIC_0.OTF in Resources */ = {isa = PBXBuildFile; fileRef = E9730657223FB71F006AE040 /* GOTHAM-BOOKITALIC_0.OTF */; };
		E973066A223FB720006AE040 /* GOTHAM-LIGHT.TTF in Resources */ = {isa = PBXBuildFile; fileRef = E9730658223FB71F006AE040 /* GOTHAM-LIGHT.TTF */; };
		E973066B223FB720006AE040 /* GOTHAM-BLACK.TTF in Resources */ = {isa = PBXBuildFile; fileRef = E9730659223FB71F006AE040 /* GOTHAM-BLACK.TTF */; };
		E973066C223FB720006AE040 /* GOTHAM-LIGHT_0.OTF in Resources */ = {isa = PBXBuildFile; fileRef = E973065A223FB71F006AE040 /* GOTHAM-LIGHT_0.OTF */; };
		E973066D223FB720006AE040 /* GOTHAM-BOLD.TTF in Resources */ = {isa = PBXBuildFile; fileRef = E973065B223FB71F006AE040 /* GOTHAM-BOLD.TTF */; };
		E973066E223FB720006AE040 /* GOTHAM-LIGHTITALIC.TTF in Resources */ = {isa = PBXBuildFile; fileRef = E973065C223FB71F006AE040 /* GOTHAM-LIGHTITALIC.TTF */; };
		E973066F223FB720006AE040 /* GOTHAM-THINITALIC.TTF in Resources */ = {isa = PBXBuildFile; fileRef = E973065D223FB720006AE040 /* GOTHAM-THINITALIC.TTF */; };
		E9730670223FB720006AE040 /* GOTHAM-MEDIUMITALIC.TTF in Resources */ = {isa = PBXBuildFile; fileRef = E973065E223FB720006AE040 /* GOTHAM-MEDIUMITALIC.TTF */; };
		E973069B223FC1C8006AE040 /* CustomTextField.swift in Sources */ = {isa = PBXBuildFile; fileRef = E973069A223FC1C8006AE040 /* CustomTextField.swift */; };
		E97306AA223FC4EE006AE040 /* RegisterView.swift in Sources */ = {isa = PBXBuildFile; fileRef = E97306A8223FC4EE006AE040 /* RegisterView.swift */; };
		E97306AB223FC4EE006AE040 /* RegisterView.xib in Resources */ = {isa = PBXBuildFile; fileRef = E97306A9223FC4EE006AE040 /* RegisterView.xib */; };
		E97306AF2240B456006AE040 /* Utilities.swift in Sources */ = {isa = PBXBuildFile; fileRef = E97306AE2240B456006AE040 /* Utilities.swift */; };
		E97306B12240BA23006AE040 /* KeyboardManager.swift in Sources */ = {isa = PBXBuildFile; fileRef = E97306B02240BA23006AE040 /* KeyboardManager.swift */; };
		E97306B52240C6AA006AE040 /* RegisterModel.swift in Sources */ = {isa = PBXBuildFile; fileRef = E97306B42240C6AA006AE040 /* RegisterModel.swift */; };
		E97306B72240C901006AE040 /* RegisterViewModel.swift in Sources */ = {isa = PBXBuildFile; fileRef = E97306B62240C901006AE040 /* RegisterViewModel.swift */; };
		E98691192248B6770042F6F9 /* BuyProductView.swift in Sources */ = {isa = PBXBuildFile; fileRef = E98691172248B6770042F6F9 /* BuyProductView.swift */; };
		E986911A2248B6770042F6F9 /* BuyProductView.swift in Sources */ = {isa = PBXBuildFile; fileRef = E98691172248B6770042F6F9 /* BuyProductView.swift */; };
		E986911B2248B6770042F6F9 /* BuyProductView.swift in Sources */ = {isa = PBXBuildFile; fileRef = E98691172248B6770042F6F9 /* BuyProductView.swift */; };
		E986911C2248B6770042F6F9 /* BuyProductView.xib in Resources */ = {isa = PBXBuildFile; fileRef = E98691182248B6770042F6F9 /* BuyProductView.xib */; };
		E986911D2248B6770042F6F9 /* BuyProductView.xib in Resources */ = {isa = PBXBuildFile; fileRef = E98691182248B6770042F6F9 /* BuyProductView.xib */; };
		E986911E2248B6770042F6F9 /* BuyProductView.xib in Resources */ = {isa = PBXBuildFile; fileRef = E98691182248B6770042F6F9 /* BuyProductView.xib */; };
		E98691222248E9010042F6F9 /* RateProductView.swift in Sources */ = {isa = PBXBuildFile; fileRef = E98691202248E9010042F6F9 /* RateProductView.swift */; };
		E98691232248E9010042F6F9 /* RateProductView.swift in Sources */ = {isa = PBXBuildFile; fileRef = E98691202248E9010042F6F9 /* RateProductView.swift */; };
		E98691242248E9010042F6F9 /* RateProductView.swift in Sources */ = {isa = PBXBuildFile; fileRef = E98691202248E9010042F6F9 /* RateProductView.swift */; };
		E98691252248E9010042F6F9 /* RateProductView.xib in Resources */ = {isa = PBXBuildFile; fileRef = E98691212248E9010042F6F9 /* RateProductView.xib */; };
		E98691262248E9010042F6F9 /* RateProductView.xib in Resources */ = {isa = PBXBuildFile; fileRef = E98691212248E9010042F6F9 /* RateProductView.xib */; };
		E98691272248E9010042F6F9 /* RateProductView.xib in Resources */ = {isa = PBXBuildFile; fileRef = E98691212248E9010042F6F9 /* RateProductView.xib */; };
		E9898E9B224A01F300CF63EC /* CartListCell.swift in Sources */ = {isa = PBXBuildFile; fileRef = E9898E99224A01F200CF63EC /* CartListCell.swift */; };
		E9898E9C224A01F300CF63EC /* CartListCell.swift in Sources */ = {isa = PBXBuildFile; fileRef = E9898E99224A01F200CF63EC /* CartListCell.swift */; };
		E9898E9D224A01F300CF63EC /* CartListCell.swift in Sources */ = {isa = PBXBuildFile; fileRef = E9898E99224A01F200CF63EC /* CartListCell.swift */; };
		E9898E9E224A01F300CF63EC /* CartListCell.xib in Resources */ = {isa = PBXBuildFile; fileRef = E9898E9A224A01F200CF63EC /* CartListCell.xib */; };
		E9898E9F224A01F300CF63EC /* CartListCell.xib in Resources */ = {isa = PBXBuildFile; fileRef = E9898E9A224A01F200CF63EC /* CartListCell.xib */; };
		E9898EA0224A01F300CF63EC /* CartListCell.xib in Resources */ = {isa = PBXBuildFile; fileRef = E9898E9A224A01F200CF63EC /* CartListCell.xib */; };
		E9B0996F2248FF7600F3B11C /* CartListModel.swift in Sources */ = {isa = PBXBuildFile; fileRef = E9B0996E2248FF7600F3B11C /* CartListModel.swift */; };
		E9B099702248FF7600F3B11C /* CartListModel.swift in Sources */ = {isa = PBXBuildFile; fileRef = E9B0996E2248FF7600F3B11C /* CartListModel.swift */; };
		E9B099712248FF7600F3B11C /* CartListModel.swift in Sources */ = {isa = PBXBuildFile; fileRef = E9B0996E2248FF7600F3B11C /* CartListModel.swift */; };
		E9B099732249016A00F3B11C /* CartListViewModel.swift in Sources */ = {isa = PBXBuildFile; fileRef = E9B099722249016A00F3B11C /* CartListViewModel.swift */; };
		E9B099742249016A00F3B11C /* CartListViewModel.swift in Sources */ = {isa = PBXBuildFile; fileRef = E9B099722249016A00F3B11C /* CartListViewModel.swift */; };
		E9B099752249016A00F3B11C /* CartListViewModel.swift in Sources */ = {isa = PBXBuildFile; fileRef = E9B099722249016A00F3B11C /* CartListViewModel.swift */; };
		E9B099782249025E00F3B11C /* CartListView.swift in Sources */ = {isa = PBXBuildFile; fileRef = E9B099762249025E00F3B11C /* CartListView.swift */; };
		E9B099792249025E00F3B11C /* CartListView.swift in Sources */ = {isa = PBXBuildFile; fileRef = E9B099762249025E00F3B11C /* CartListView.swift */; };
		E9B0997A2249025E00F3B11C /* CartListView.swift in Sources */ = {isa = PBXBuildFile; fileRef = E9B099762249025E00F3B11C /* CartListView.swift */; };
		E9B0997B2249025E00F3B11C /* CartListView.xib in Resources */ = {isa = PBXBuildFile; fileRef = E9B099772249025E00F3B11C /* CartListView.xib */; };
		E9B0997C2249025E00F3B11C /* CartListView.xib in Resources */ = {isa = PBXBuildFile; fileRef = E9B099772249025E00F3B11C /* CartListView.xib */; };
		E9B0997D2249025E00F3B11C /* CartListView.xib in Resources */ = {isa = PBXBuildFile; fileRef = E9B099772249025E00F3B11C /* CartListView.xib */; };
		E9B09982224905F000F3B11C /* SideMenuView.swift in Sources */ = {isa = PBXBuildFile; fileRef = E9B09980224905F000F3B11C /* SideMenuView.swift */; };
		E9B09983224905F000F3B11C /* SideMenuView.swift in Sources */ = {isa = PBXBuildFile; fileRef = E9B09980224905F000F3B11C /* SideMenuView.swift */; };
		E9B09984224905F000F3B11C /* SideMenuView.swift in Sources */ = {isa = PBXBuildFile; fileRef = E9B09980224905F000F3B11C /* SideMenuView.swift */; };
		E9B09985224905F000F3B11C /* SideMenuView.xib in Resources */ = {isa = PBXBuildFile; fileRef = E9B09981224905F000F3B11C /* SideMenuView.xib */; };
		E9B09986224905F000F3B11C /* SideMenuView.xib in Resources */ = {isa = PBXBuildFile; fileRef = E9B09981224905F000F3B11C /* SideMenuView.xib */; };
		E9B09987224905F000F3B11C /* SideMenuView.xib in Resources */ = {isa = PBXBuildFile; fileRef = E9B09981224905F000F3B11C /* SideMenuView.xib */; };
		E9B0998A2249089000F3B11C /* SideMenuCell.swift in Sources */ = {isa = PBXBuildFile; fileRef = E9B099882249089000F3B11C /* SideMenuCell.swift */; };
		E9B0998B2249089000F3B11C /* SideMenuCell.swift in Sources */ = {isa = PBXBuildFile; fileRef = E9B099882249089000F3B11C /* SideMenuCell.swift */; };
		E9B0998C2249089000F3B11C /* SideMenuCell.swift in Sources */ = {isa = PBXBuildFile; fileRef = E9B099882249089000F3B11C /* SideMenuCell.swift */; };
		E9B0998D2249089000F3B11C /* SideMenuCell.xib in Resources */ = {isa = PBXBuildFile; fileRef = E9B099892249089000F3B11C /* SideMenuCell.xib */; };
		E9B0998E2249089000F3B11C /* SideMenuCell.xib in Resources */ = {isa = PBXBuildFile; fileRef = E9B099892249089000F3B11C /* SideMenuCell.xib */; };
		E9B0998F2249089000F3B11C /* SideMenuCell.xib in Resources */ = {isa = PBXBuildFile; fileRef = E9B099892249089000F3B11C /* SideMenuCell.xib */; };
		E9B36DEC224A542D006CF955 /* CartListFooterView.swift in Sources */ = {isa = PBXBuildFile; fileRef = E9B36DEB224A542D006CF955 /* CartListFooterView.swift */; };
		E9B36DED224A542D006CF955 /* CartListFooterView.swift in Sources */ = {isa = PBXBuildFile; fileRef = E9B36DEB224A542D006CF955 /* CartListFooterView.swift */; };
		E9B36DEE224A542D006CF955 /* CartListFooterView.swift in Sources */ = {isa = PBXBuildFile; fileRef = E9B36DEB224A542D006CF955 /* CartListFooterView.swift */; };
		E9B36DF0224A544D006CF955 /* CartListFooterView.xib in Resources */ = {isa = PBXBuildFile; fileRef = E9B36DEF224A544D006CF955 /* CartListFooterView.xib */; };
		E9B36DF1224A544D006CF955 /* CartListFooterView.xib in Resources */ = {isa = PBXBuildFile; fileRef = E9B36DEF224A544D006CF955 /* CartListFooterView.xib */; };
		E9B36DF2224A544D006CF955 /* CartListFooterView.xib in Resources */ = {isa = PBXBuildFile; fileRef = E9B36DEF224A544D006CF955 /* CartListFooterView.xib */; };
		E9CD301122450743005CA871 /* UIVIew.swift in Sources */ = {isa = PBXBuildFile; fileRef = E9CD301022450743005CA871 /* UIVIew.swift */; };
		E9FD92A02240FEE80079A039 /* LoginModel.swift in Sources */ = {isa = PBXBuildFile; fileRef = E9FD929F2240FEE80079A039 /* LoginModel.swift */; };
		E9FD92A22240FEFA0079A039 /* LoginViewModel.swift in Sources */ = {isa = PBXBuildFile; fileRef = E9FD92A12240FEFA0079A039 /* LoginViewModel.swift */; };
		E9FD92A4224112F70079A039 /* Dictionary.swift in Sources */ = {isa = PBXBuildFile; fileRef = E9FD92A3224112F70079A039 /* Dictionary.swift */; };
		E9FD92A62241150E0079A039 /* UserModel.swift in Sources */ = {isa = PBXBuildFile; fileRef = E9FD92A52241150E0079A039 /* UserModel.swift */; };
		E9FD92A822411B0C0079A039 /* UIViewController.swift in Sources */ = {isa = PBXBuildFile; fileRef = E9FD92A722411B0C0079A039 /* UIViewController.swift */; };
		E9FD92AB224122300079A039 /* KeychainPasswordItem.swift in Sources */ = {isa = PBXBuildFile; fileRef = E9FD92AA224122300079A039 /* KeychainPasswordItem.swift */; };
		E9FD92AD224122950079A039 /* KeychainConfiguration.swift in Sources */ = {isa = PBXBuildFile; fileRef = E9FD92AC224122950079A039 /* KeychainConfiguration.swift */; };
		E9FD92AF224205260079A039 /* UIButton.swift in Sources */ = {isa = PBXBuildFile; fileRef = E9FD92AE224205260079A039 /* UIButton.swift */; };
		E9FD92B2224205A60079A039 /* CustomButton.swift in Sources */ = {isa = PBXBuildFile; fileRef = E9FD92B1224205A60079A039 /* CustomButton.swift */; };
		E9FD92B622420B800079A039 /* HomeView.swift in Sources */ = {isa = PBXBuildFile; fileRef = E9FD92B422420B800079A039 /* HomeView.swift */; };
		E9FD92B722420B800079A039 /* HomeView.xib in Resources */ = {isa = PBXBuildFile; fileRef = E9FD92B522420B800079A039 /* HomeView.xib */; };
		E9FD92BA224212F10079A039 /* ImageCollectionViewCell.swift in Sources */ = {isa = PBXBuildFile; fileRef = E9FD92B8224212F10079A039 /* ImageCollectionViewCell.swift */; };
		E9FD92BB224212F10079A039 /* ImageCollectionViewCell.swift in Sources */ = {isa = PBXBuildFile; fileRef = E9FD92B8224212F10079A039 /* ImageCollectionViewCell.swift */; };
		E9FD92BC224212F10079A039 /* ImageCollectionViewCell.swift in Sources */ = {isa = PBXBuildFile; fileRef = E9FD92B8224212F10079A039 /* ImageCollectionViewCell.swift */; };
		E9FD92BD224212F10079A039 /* ImageCollectionViewCell.xib in Resources */ = {isa = PBXBuildFile; fileRef = E9FD92B9224212F10079A039 /* ImageCollectionViewCell.xib */; };
		E9FD92BE224212F10079A039 /* ImageCollectionViewCell.xib in Resources */ = {isa = PBXBuildFile; fileRef = E9FD92B9224212F10079A039 /* ImageCollectionViewCell.xib */; };
		E9FD92BF224212F10079A039 /* ImageCollectionViewCell.xib in Resources */ = {isa = PBXBuildFile; fileRef = E9FD92B9224212F10079A039 /* ImageCollectionViewCell.xib */; };
		E9FD92C122421A310079A039 /* HomeModel.swift in Sources */ = {isa = PBXBuildFile; fileRef = E9FD92C022421A310079A039 /* HomeModel.swift */; };
		E9FD92C222421A310079A039 /* HomeModel.swift in Sources */ = {isa = PBXBuildFile; fileRef = E9FD92C022421A310079A039 /* HomeModel.swift */; };
		E9FD92C322421A310079A039 /* HomeModel.swift in Sources */ = {isa = PBXBuildFile; fileRef = E9FD92C022421A310079A039 /* HomeModel.swift */; };
		E9FD92C522421A740079A039 /* HomeViewModel.swift in Sources */ = {isa = PBXBuildFile; fileRef = E9FD92C422421A740079A039 /* HomeViewModel.swift */; };
		E9FD92C622421A740079A039 /* HomeViewModel.swift in Sources */ = {isa = PBXBuildFile; fileRef = E9FD92C422421A740079A039 /* HomeViewModel.swift */; };
		E9FD92C722421A740079A039 /* HomeViewModel.swift in Sources */ = {isa = PBXBuildFile; fileRef = E9FD92C422421A740079A039 /* HomeViewModel.swift */; };
		E9FD92E422424F6F0079A039 /* ProductListView.swift in Sources */ = {isa = PBXBuildFile; fileRef = E9FD92E222424F6F0079A039 /* ProductListView.swift */; };
		E9FD92E522424F6F0079A039 /* ProductListView.swift in Sources */ = {isa = PBXBuildFile; fileRef = E9FD92E222424F6F0079A039 /* ProductListView.swift */; };
		E9FD92E622424F6F0079A039 /* ProductListView.swift in Sources */ = {isa = PBXBuildFile; fileRef = E9FD92E222424F6F0079A039 /* ProductListView.swift */; };
		E9FD92E722424F6F0079A039 /* ProductListView.xib in Resources */ = {isa = PBXBuildFile; fileRef = E9FD92E322424F6F0079A039 /* ProductListView.xib */; };
		E9FD92E822424F6F0079A039 /* ProductListView.xib in Resources */ = {isa = PBXBuildFile; fileRef = E9FD92E322424F6F0079A039 /* ProductListView.xib */; };
		E9FD92E922424F6F0079A039 /* ProductListView.xib in Resources */ = {isa = PBXBuildFile; fileRef = E9FD92E322424F6F0079A039 /* ProductListView.xib */; };
		E9FD92F3224251580079A039 /* ProductListModel.swift in Sources */ = {isa = PBXBuildFile; fileRef = E9FD92F2224251580079A039 /* ProductListModel.swift */; };
		E9FD92F4224251580079A039 /* ProductListModel.swift in Sources */ = {isa = PBXBuildFile; fileRef = E9FD92F2224251580079A039 /* ProductListModel.swift */; };
		E9FD92F5224251580079A039 /* ProductListModel.swift in Sources */ = {isa = PBXBuildFile; fileRef = E9FD92F2224251580079A039 /* ProductListModel.swift */; };
		E9FD92F7224251940079A039 /* ProductListViewModel.swift in Sources */ = {isa = PBXBuildFile; fileRef = E9FD92F6224251940079A039 /* ProductListViewModel.swift */; };
		E9FD92F8224251940079A039 /* ProductListViewModel.swift in Sources */ = {isa = PBXBuildFile; fileRef = E9FD92F6224251940079A039 /* ProductListViewModel.swift */; };
		E9FD92F9224251940079A039 /* ProductListViewModel.swift in Sources */ = {isa = PBXBuildFile; fileRef = E9FD92F6224251940079A039 /* ProductListViewModel.swift */; };
		E9FD92FC224252EB0079A039 /* ProductCell.swift in Sources */ = {isa = PBXBuildFile; fileRef = E9FD92FA224252EB0079A039 /* ProductCell.swift */; };
		E9FD92FD224252EB0079A039 /* ProductCell.swift in Sources */ = {isa = PBXBuildFile; fileRef = E9FD92FA224252EB0079A039 /* ProductCell.swift */; };
		E9FD92FE224252EB0079A039 /* ProductCell.swift in Sources */ = {isa = PBXBuildFile; fileRef = E9FD92FA224252EB0079A039 /* ProductCell.swift */; };
		E9FD92FF224252EB0079A039 /* ProductCell.xib in Resources */ = {isa = PBXBuildFile; fileRef = E9FD92FB224252EB0079A039 /* ProductCell.xib */; };
		E9FD9300224252EB0079A039 /* ProductCell.xib in Resources */ = {isa = PBXBuildFile; fileRef = E9FD92FB224252EB0079A039 /* ProductCell.xib */; };
		E9FD9301224252EB0079A039 /* ProductCell.xib in Resources */ = {isa = PBXBuildFile; fileRef = E9FD92FB224252EB0079A039 /* ProductCell.xib */; };
		F21A2EEF224CA982008D675A /* AdressViewModel.swift in Sources */ = {isa = PBXBuildFile; fileRef = F21A2EEE224CA982008D675A /* AdressViewModel.swift */; };
		F21A2EF0224CA982008D675A /* AdressViewModel.swift in Sources */ = {isa = PBXBuildFile; fileRef = F21A2EEE224CA982008D675A /* AdressViewModel.swift */; };
		F21A2EF1224CA982008D675A /* AdressViewModel.swift in Sources */ = {isa = PBXBuildFile; fileRef = F21A2EEE224CA982008D675A /* AdressViewModel.swift */; };
		F21A2EF3224CAA44008D675A /* AddressModel.swift in Sources */ = {isa = PBXBuildFile; fileRef = F21A2EF2224CAA44008D675A /* AddressModel.swift */; };
		F21A2EF4224CAA44008D675A /* AddressModel.swift in Sources */ = {isa = PBXBuildFile; fileRef = F21A2EF2224CAA44008D675A /* AddressModel.swift */; };
		F21A2EF5224CAA44008D675A /* AddressModel.swift in Sources */ = {isa = PBXBuildFile; fileRef = F21A2EF2224CAA44008D675A /* AddressModel.swift */; };
		F21A2EF8224CB9D5008D675A /* UIAlertController.swift in Sources */ = {isa = PBXBuildFile; fileRef = F21A2EF7224CB9D5008D675A /* UIAlertController.swift */; };
		F21A2EF9224CB9D5008D675A /* UIAlertController.swift in Sources */ = {isa = PBXBuildFile; fileRef = F21A2EF7224CB9D5008D675A /* UIAlertController.swift */; };
		F21A2EFA224CB9D5008D675A /* UIAlertController.swift in Sources */ = {isa = PBXBuildFile; fileRef = F21A2EF7224CB9D5008D675A /* UIAlertController.swift */; };
		F21A2EFE224CCF25008D675A /* MyAccountView.swift in Sources */ = {isa = PBXBuildFile; fileRef = F21A2EFC224CCF25008D675A /* MyAccountView.swift */; };
		F21A2EFF224CCF25008D675A /* MyAccountView.swift in Sources */ = {isa = PBXBuildFile; fileRef = F21A2EFC224CCF25008D675A /* MyAccountView.swift */; };
		F21A2F00224CCF25008D675A /* MyAccountView.swift in Sources */ = {isa = PBXBuildFile; fileRef = F21A2EFC224CCF25008D675A /* MyAccountView.swift */; };
		F21A2F01224CCF25008D675A /* MyAccountView.xib in Resources */ = {isa = PBXBuildFile; fileRef = F21A2EFD224CCF25008D675A /* MyAccountView.xib */; };
		F21A2F02224CCF25008D675A /* MyAccountView.xib in Resources */ = {isa = PBXBuildFile; fileRef = F21A2EFD224CCF25008D675A /* MyAccountView.xib */; };
		F21A2F03224CCF25008D675A /* MyAccountView.xib in Resources */ = {isa = PBXBuildFile; fileRef = F21A2EFD224CCF25008D675A /* MyAccountView.xib */; };
		F21A2F05224CD771008D675A /* ProductCatagoryModel.swift in Sources */ = {isa = PBXBuildFile; fileRef = F21A2F04224CD771008D675A /* ProductCatagoryModel.swift */; };
		F21A2F06224CD771008D675A /* ProductCatagoryModel.swift in Sources */ = {isa = PBXBuildFile; fileRef = F21A2F04224CD771008D675A /* ProductCatagoryModel.swift */; };
		F21A2F07224CD771008D675A /* ProductCatagoryModel.swift in Sources */ = {isa = PBXBuildFile; fileRef = F21A2F04224CD771008D675A /* ProductCatagoryModel.swift */; };
		F21A2F09224CDCA2008D675A /* MyAccountViewModel.swift in Sources */ = {isa = PBXBuildFile; fileRef = F21A2F08224CDCA2008D675A /* MyAccountViewModel.swift */; };
		F21A2F0A224CDCA2008D675A /* MyAccountViewModel.swift in Sources */ = {isa = PBXBuildFile; fileRef = F21A2F08224CDCA2008D675A /* MyAccountViewModel.swift */; };
		F21A2F0B224CDCA2008D675A /* MyAccountViewModel.swift in Sources */ = {isa = PBXBuildFile; fileRef = F21A2F08224CDCA2008D675A /* MyAccountViewModel.swift */; };
		F21A2F0D224CFE71008D675A /* String.swift in Sources */ = {isa = PBXBuildFile; fileRef = F21A2F0C224CFE71008D675A /* String.swift */; };
		F21A2F0E224CFE71008D675A /* String.swift in Sources */ = {isa = PBXBuildFile; fileRef = F21A2F0C224CFE71008D675A /* String.swift */; };
		F21A2F0F224CFE71008D675A /* String.swift in Sources */ = {isa = PBXBuildFile; fileRef = F21A2F0C224CFE71008D675A /* String.swift */; };
		F250E7DB224DFAB200720F0C /* ResetPasswordView.swift in Sources */ = {isa = PBXBuildFile; fileRef = F250E7D9224DFAB200720F0C /* ResetPasswordView.swift */; };
		F250E7DC224DFAB200720F0C /* ResetPasswordView.swift in Sources */ = {isa = PBXBuildFile; fileRef = F250E7D9224DFAB200720F0C /* ResetPasswordView.swift */; };
		F250E7DD224DFAB200720F0C /* ResetPasswordView.swift in Sources */ = {isa = PBXBuildFile; fileRef = F250E7D9224DFAB200720F0C /* ResetPasswordView.swift */; };
		F250E7DE224DFAB200720F0C /* ResetPasswordView.xib in Resources */ = {isa = PBXBuildFile; fileRef = F250E7DA224DFAB200720F0C /* ResetPasswordView.xib */; };
		F250E7DF224DFAB200720F0C /* ResetPasswordView.xib in Resources */ = {isa = PBXBuildFile; fileRef = F250E7DA224DFAB200720F0C /* ResetPasswordView.xib */; };
		F250E7E0224DFAB200720F0C /* ResetPasswordView.xib in Resources */ = {isa = PBXBuildFile; fileRef = F250E7DA224DFAB200720F0C /* ResetPasswordView.xib */; };
		F2B0FD56224B8BB80071254B /* OrderDetailModel.swift in Sources */ = {isa = PBXBuildFile; fileRef = F2B0FD55224B8BB80071254B /* OrderDetailModel.swift */; };
		F2B0FD57224B8BB80071254B /* OrderDetailModel.swift in Sources */ = {isa = PBXBuildFile; fileRef = F2B0FD55224B8BB80071254B /* OrderDetailModel.swift */; };
		F2B0FD58224B8BB80071254B /* OrderDetailModel.swift in Sources */ = {isa = PBXBuildFile; fileRef = F2B0FD55224B8BB80071254B /* OrderDetailModel.swift */; };
		F2B0FD5C224B8D5F0071254B /* OrderDetailView.swift in Sources */ = {isa = PBXBuildFile; fileRef = F2B0FD5A224B8D5F0071254B /* OrderDetailView.swift */; };
		F2B0FD5D224B8D5F0071254B /* OrderDetailView.swift in Sources */ = {isa = PBXBuildFile; fileRef = F2B0FD5A224B8D5F0071254B /* OrderDetailView.swift */; };
		F2B0FD5E224B8D5F0071254B /* OrderDetailView.swift in Sources */ = {isa = PBXBuildFile; fileRef = F2B0FD5A224B8D5F0071254B /* OrderDetailView.swift */; };
		F2B0FD5F224B8D5F0071254B /* OrderDetailView.xib in Resources */ = {isa = PBXBuildFile; fileRef = F2B0FD5B224B8D5F0071254B /* OrderDetailView.xib */; };
		F2B0FD60224B8D5F0071254B /* OrderDetailView.xib in Resources */ = {isa = PBXBuildFile; fileRef = F2B0FD5B224B8D5F0071254B /* OrderDetailView.xib */; };
		F2B0FD61224B8D5F0071254B /* OrderDetailView.xib in Resources */ = {isa = PBXBuildFile; fileRef = F2B0FD5B224B8D5F0071254B /* OrderDetailView.xib */; };
		F2B0FD63224B8D900071254B /* OrderDetailViewModel.swift in Sources */ = {isa = PBXBuildFile; fileRef = F2B0FD62224B8D900071254B /* OrderDetailViewModel.swift */; };
		F2B0FD64224B8D900071254B /* OrderDetailViewModel.swift in Sources */ = {isa = PBXBuildFile; fileRef = F2B0FD62224B8D900071254B /* OrderDetailViewModel.swift */; };
		F2B0FD65224B8D900071254B /* OrderDetailViewModel.swift in Sources */ = {isa = PBXBuildFile; fileRef = F2B0FD62224B8D900071254B /* OrderDetailViewModel.swift */; };
		F2B0FD67224BA4750071254B /* UILabel.swift in Sources */ = {isa = PBXBuildFile; fileRef = F2B0FD66224BA4750071254B /* UILabel.swift */; };
		F2B0FD68224BA4750071254B /* UILabel.swift in Sources */ = {isa = PBXBuildFile; fileRef = F2B0FD66224BA4750071254B /* UILabel.swift */; };
		F2B0FD69224BA4750071254B /* UILabel.swift in Sources */ = {isa = PBXBuildFile; fileRef = F2B0FD66224BA4750071254B /* UILabel.swift */; };
		F2B0FD6D224BB3E10071254B /* AddressView.swift in Sources */ = {isa = PBXBuildFile; fileRef = F2B0FD6B224BB3E10071254B /* AddressView.swift */; };
		F2B0FD6E224BB3E10071254B /* AddressView.swift in Sources */ = {isa = PBXBuildFile; fileRef = F2B0FD6B224BB3E10071254B /* AddressView.swift */; };
		F2B0FD6F224BB3E10071254B /* AddressView.swift in Sources */ = {isa = PBXBuildFile; fileRef = F2B0FD6B224BB3E10071254B /* AddressView.swift */; };
		F2B0FD70224BB3E10071254B /* AddressView.xib in Resources */ = {isa = PBXBuildFile; fileRef = F2B0FD6C224BB3E10071254B /* AddressView.xib */; };
		F2B0FD71224BB3E10071254B /* AddressView.xib in Resources */ = {isa = PBXBuildFile; fileRef = F2B0FD6C224BB3E10071254B /* AddressView.xib */; };
		F2B0FD72224BB3E10071254B /* AddressView.xib in Resources */ = {isa = PBXBuildFile; fileRef = F2B0FD6C224BB3E10071254B /* AddressView.xib */; };
		F2CBC911224B7B3700BCA58E /* MyOrderCell.swift in Sources */ = {isa = PBXBuildFile; fileRef = F2CBC90F224B7B3700BCA58E /* MyOrderCell.swift */; };
		F2CBC912224B7B3700BCA58E /* MyOrderCell.swift in Sources */ = {isa = PBXBuildFile; fileRef = F2CBC90F224B7B3700BCA58E /* MyOrderCell.swift */; };
		F2CBC913224B7B3700BCA58E /* MyOrderCell.swift in Sources */ = {isa = PBXBuildFile; fileRef = F2CBC90F224B7B3700BCA58E /* MyOrderCell.swift */; };
		F2CBC914224B7B3700BCA58E /* MyOrderCell.xib in Resources */ = {isa = PBXBuildFile; fileRef = F2CBC910224B7B3700BCA58E /* MyOrderCell.xib */; };
		F2CBC915224B7B3700BCA58E /* MyOrderCell.xib in Resources */ = {isa = PBXBuildFile; fileRef = F2CBC910224B7B3700BCA58E /* MyOrderCell.xib */; };
		F2CBC916224B7B3700BCA58E /* MyOrderCell.xib in Resources */ = {isa = PBXBuildFile; fileRef = F2CBC910224B7B3700BCA58E /* MyOrderCell.xib */; };
/* End PBXBuildFile section */

/* Begin PBXContainerItemProxy section */
		E97305ED223F7B54006AE040 /* PBXContainerItemProxy */ = {
			isa = PBXContainerItemProxy;
			containerPortal = E97305D0223F7B47006AE040 /* Project object */;
			proxyType = 1;
			remoteGlobalIDString = E97305D7223F7B47006AE040;
			remoteInfo = NeoStore;
		};
		E97305F8223F7B54006AE040 /* PBXContainerItemProxy */ = {
			isa = PBXContainerItemProxy;
			containerPortal = E97305D0223F7B47006AE040 /* Project object */;
			proxyType = 1;
			remoteGlobalIDString = E97305D7223F7B47006AE040;
			remoteInfo = NeoStore;
		};
/* End PBXContainerItemProxy section */

/* Begin PBXFileReference section */
		E96D1FDE224B40AF00F93DCD /* MyOrderListView.swift */ = {isa = PBXFileReference; lastKnownFileType = sourcecode.swift; path = MyOrderListView.swift; sourceTree = "<group>"; };
		E96D1FDF224B40AF00F93DCD /* MyOrderListView.xib */ = {isa = PBXFileReference; lastKnownFileType = file.xib; path = MyOrderListView.xib; sourceTree = "<group>"; };
		E96D1FE6224B41F300F93DCD /* OrderListModel.swift */ = {isa = PBXFileReference; lastKnownFileType = sourcecode.swift; path = OrderListModel.swift; sourceTree = "<group>"; };
		E96D1FEA224B423700F93DCD /* OrderListViewModel.swift */ = {isa = PBXFileReference; lastKnownFileType = sourcecode.swift; path = OrderListViewModel.swift; sourceTree = "<group>"; };
		E96E068C2244B1C900D2A0CC /* UIImageView.swift */ = {isa = PBXFileReference; lastKnownFileType = sourcecode.swift; path = UIImageView.swift; sourceTree = "<group>"; };
		E96E06902244B2EC00D2A0CC /* CacheManager.swift */ = {isa = PBXFileReference; lastKnownFileType = sourcecode.swift; path = CacheManager.swift; sourceTree = "<group>"; };
		E96E06942244C31E00D2A0CC /* Reachability.swift */ = {isa = PBXFileReference; fileEncoding = 4; lastKnownFileType = sourcecode.swift; path = Reachability.swift; sourceTree = "<group>"; };
		E96E06982244C32500D2A0CC /* ReachabilityChecker.swift */ = {isa = PBXFileReference; fileEncoding = 4; lastKnownFileType = sourcecode.swift; path = ReachabilityChecker.swift; sourceTree = "<group>"; };
		E96E069D2244C37600D2A0CC /* ProductDetailView.swift */ = {isa = PBXFileReference; lastKnownFileType = sourcecode.swift; path = ProductDetailView.swift; sourceTree = "<group>"; };
		E96E069E2244C37600D2A0CC /* ProductDetailView.xib */ = {isa = PBXFileReference; lastKnownFileType = file.xib; path = ProductDetailView.xib; sourceTree = "<group>"; };
		E96E06A52244CFC700D2A0CC /* ProductDetailModel.swift */ = {isa = PBXFileReference; lastKnownFileType = sourcecode.swift; path = ProductDetailModel.swift; sourceTree = "<group>"; };
		E96E06A92244D34B00D2A0CC /* ProductDetailViewModel.swift */ = {isa = PBXFileReference; lastKnownFileType = sourcecode.swift; path = ProductDetailViewModel.swift; sourceTree = "<group>"; };
		E97305D8223F7B47006AE040 /* NeoStore.app */ = {isa = PBXFileReference; explicitFileType = wrapper.application; includeInIndex = 0; path = NeoStore.app; sourceTree = BUILT_PRODUCTS_DIR; };
		E97305DB223F7B47006AE040 /* AppDelegate.swift */ = {isa = PBXFileReference; lastKnownFileType = sourcecode.swift; path = AppDelegate.swift; sourceTree = "<group>"; };
		E97305DD223F7B47006AE040 /* ViewController.swift */ = {isa = PBXFileReference; lastKnownFileType = sourcecode.swift; path = ViewController.swift; sourceTree = "<group>"; };
		E97305E2223F7B53006AE040 /* Assets.xcassets */ = {isa = PBXFileReference; lastKnownFileType = folder.assetcatalog; path = Assets.xcassets; sourceTree = "<group>"; };
		E97305E5223F7B53006AE040 /* Base */ = {isa = PBXFileReference; lastKnownFileType = file.storyboard; name = Base; path = Base.lproj/LaunchScreen.storyboard; sourceTree = "<group>"; };
		E97305E7223F7B53006AE040 /* Info.plist */ = {isa = PBXFileReference; lastKnownFileType = text.plist.xml; path = Info.plist; sourceTree = "<group>"; };
		E97305EC223F7B54006AE040 /* NeoStoreTests.xctest */ = {isa = PBXFileReference; explicitFileType = wrapper.cfbundle; includeInIndex = 0; path = NeoStoreTests.xctest; sourceTree = BUILT_PRODUCTS_DIR; };
		E97305F0223F7B54006AE040 /* NeoStoreTests.swift */ = {isa = PBXFileReference; lastKnownFileType = sourcecode.swift; path = NeoStoreTests.swift; sourceTree = "<group>"; };
		E97305F2223F7B54006AE040 /* Info.plist */ = {isa = PBXFileReference; lastKnownFileType = text.plist.xml; path = Info.plist; sourceTree = "<group>"; };
		E97305F7223F7B54006AE040 /* NeoStoreUITests.xctest */ = {isa = PBXFileReference; explicitFileType = wrapper.cfbundle; includeInIndex = 0; path = NeoStoreUITests.xctest; sourceTree = BUILT_PRODUCTS_DIR; };
		E97305FB223F7B54006AE040 /* NeoStoreUITests.swift */ = {isa = PBXFileReference; lastKnownFileType = sourcecode.swift; path = NeoStoreUITests.swift; sourceTree = "<group>"; };
		E97305FD223F7B54006AE040 /* Info.plist */ = {isa = PBXFileReference; lastKnownFileType = text.plist.xml; path = Info.plist; sourceTree = "<group>"; };
		E973060E223F7EFC006AE040 /* LoginView.swift */ = {isa = PBXFileReference; lastKnownFileType = sourcecode.swift; path = LoginView.swift; sourceTree = "<group>"; };
		E973060F223F7EFC006AE040 /* LoginView.xib */ = {isa = PBXFileReference; lastKnownFileType = file.xib; path = LoginView.xib; sourceTree = "<group>"; };
		E9730618223F8766006AE040 /* APIManager.swift */ = {isa = PBXFileReference; lastKnownFileType = sourcecode.swift; path = APIManager.swift; sourceTree = "<group>"; };
		E973061B223F8990006AE040 /* Constants.swift */ = {isa = PBXFileReference; lastKnownFileType = sourcecode.swift; path = Constants.swift; sourceTree = "<group>"; };
		E973061D223FAF79006AE040 /* NavigationController.swift */ = {isa = PBXFileReference; lastKnownFileType = sourcecode.swift; path = NavigationController.swift; sourceTree = "<group>"; };
		E9730620223FB132006AE040 /* UIColor.swift */ = {isa = PBXFileReference; lastKnownFileType = sourcecode.swift; path = UIColor.swift; sourceTree = "<group>"; };
		E973064D223FB71E006AE040 /* GOTHAM-ULTRA.TTF */ = {isa = PBXFileReference; lastKnownFileType = file; path = "GOTHAM-ULTRA.TTF"; sourceTree = "<group>"; };
		E973064E223FB71E006AE040 /* Gotham-Book.otf */ = {isa = PBXFileReference; lastKnownFileType = file; path = "Gotham-Book.otf"; sourceTree = "<group>"; };
		E973064F223FB71E006AE040 /* GOTHAM-MEDIUM.TTF */ = {isa = PBXFileReference; lastKnownFileType = file; path = "GOTHAM-MEDIUM.TTF"; sourceTree = "<group>"; };
		E9730650223FB71E006AE040 /* GOTHAM-BOLD_0.OTF */ = {isa = PBXFileReference; lastKnownFileType = file; path = "GOTHAM-BOLD_0.OTF"; sourceTree = "<group>"; };
		E9730651223FB71E006AE040 /* GOTHAM-XLIGHTITALIC.TTF */ = {isa = PBXFileReference; lastKnownFileType = file; path = "GOTHAM-XLIGHTITALIC.TTF"; sourceTree = "<group>"; };
		E9730652223FB71E006AE040 /* GOTHAM-XLIGHT.TTF */ = {isa = PBXFileReference; lastKnownFileType = file; path = "GOTHAM-XLIGHT.TTF"; sourceTree = "<group>"; };
		E9730653223FB71F006AE040 /* GOTHAM-THIN.TTF */ = {isa = PBXFileReference; lastKnownFileType = file; path = "GOTHAM-THIN.TTF"; sourceTree = "<group>"; };
		E9730654223FB71F006AE040 /* GOTHAM-ULTRAITALIC.TTF */ = {isa = PBXFileReference; lastKnownFileType = file; path = "GOTHAM-ULTRAITALIC.TTF"; sourceTree = "<group>"; };
		E9730655223FB71F006AE040 /* GOTHAM-BLACKITALIC.TTF */ = {isa = PBXFileReference; lastKnownFileType = file; path = "GOTHAM-BLACKITALIC.TTF"; sourceTree = "<group>"; };
		E9730656223FB71F006AE040 /* GOTHAM-BOLDITALIC.TTF */ = {isa = PBXFileReference; lastKnownFileType = file; path = "GOTHAM-BOLDITALIC.TTF"; sourceTree = "<group>"; };
		E9730657223FB71F006AE040 /* GOTHAM-BOOKITALIC_0.OTF */ = {isa = PBXFileReference; lastKnownFileType = file; path = "GOTHAM-BOOKITALIC_0.OTF"; sourceTree = "<group>"; };
		E9730658223FB71F006AE040 /* GOTHAM-LIGHT.TTF */ = {isa = PBXFileReference; lastKnownFileType = file; path = "GOTHAM-LIGHT.TTF"; sourceTree = "<group>"; };
		E9730659223FB71F006AE040 /* GOTHAM-BLACK.TTF */ = {isa = PBXFileReference; lastKnownFileType = file; path = "GOTHAM-BLACK.TTF"; sourceTree = "<group>"; };
		E973065A223FB71F006AE040 /* GOTHAM-LIGHT_0.OTF */ = {isa = PBXFileReference; lastKnownFileType = file; path = "GOTHAM-LIGHT_0.OTF"; sourceTree = "<group>"; };
		E973065B223FB71F006AE040 /* GOTHAM-BOLD.TTF */ = {isa = PBXFileReference; lastKnownFileType = file; path = "GOTHAM-BOLD.TTF"; sourceTree = "<group>"; };
		E973065C223FB71F006AE040 /* GOTHAM-LIGHTITALIC.TTF */ = {isa = PBXFileReference; lastKnownFileType = file; path = "GOTHAM-LIGHTITALIC.TTF"; sourceTree = "<group>"; };
		E973065D223FB720006AE040 /* GOTHAM-THINITALIC.TTF */ = {isa = PBXFileReference; lastKnownFileType = file; path = "GOTHAM-THINITALIC.TTF"; sourceTree = "<group>"; };
		E973065E223FB720006AE040 /* GOTHAM-MEDIUMITALIC.TTF */ = {isa = PBXFileReference; lastKnownFileType = file; path = "GOTHAM-MEDIUMITALIC.TTF"; sourceTree = "<group>"; };
		E973069A223FC1C8006AE040 /* CustomTextField.swift */ = {isa = PBXFileReference; fileEncoding = 4; lastKnownFileType = sourcecode.swift; path = CustomTextField.swift; sourceTree = "<group>"; };
		E97306A8223FC4EE006AE040 /* RegisterView.swift */ = {isa = PBXFileReference; lastKnownFileType = sourcecode.swift; path = RegisterView.swift; sourceTree = "<group>"; };
		E97306A9223FC4EE006AE040 /* RegisterView.xib */ = {isa = PBXFileReference; lastKnownFileType = file.xib; path = RegisterView.xib; sourceTree = "<group>"; };
		E97306AE2240B456006AE040 /* Utilities.swift */ = {isa = PBXFileReference; lastKnownFileType = sourcecode.swift; path = Utilities.swift; sourceTree = "<group>"; };
		E97306B02240BA23006AE040 /* KeyboardManager.swift */ = {isa = PBXFileReference; lastKnownFileType = sourcecode.swift; path = KeyboardManager.swift; sourceTree = "<group>"; };
		E97306B42240C6AA006AE040 /* RegisterModel.swift */ = {isa = PBXFileReference; lastKnownFileType = sourcecode.swift; path = RegisterModel.swift; sourceTree = "<group>"; };
		E97306B62240C901006AE040 /* RegisterViewModel.swift */ = {isa = PBXFileReference; lastKnownFileType = sourcecode.swift; path = RegisterViewModel.swift; sourceTree = "<group>"; };
		E98691172248B6770042F6F9 /* BuyProductView.swift */ = {isa = PBXFileReference; lastKnownFileType = sourcecode.swift; path = BuyProductView.swift; sourceTree = "<group>"; };
		E98691182248B6770042F6F9 /* BuyProductView.xib */ = {isa = PBXFileReference; lastKnownFileType = file.xib; path = BuyProductView.xib; sourceTree = "<group>"; };
		E98691202248E9010042F6F9 /* RateProductView.swift */ = {isa = PBXFileReference; lastKnownFileType = sourcecode.swift; path = RateProductView.swift; sourceTree = "<group>"; };
		E98691212248E9010042F6F9 /* RateProductView.xib */ = {isa = PBXFileReference; lastKnownFileType = file.xib; path = RateProductView.xib; sourceTree = "<group>"; };
		E9898E99224A01F200CF63EC /* CartListCell.swift */ = {isa = PBXFileReference; lastKnownFileType = sourcecode.swift; path = CartListCell.swift; sourceTree = "<group>"; };
		E9898E9A224A01F200CF63EC /* CartListCell.xib */ = {isa = PBXFileReference; lastKnownFileType = file.xib; path = CartListCell.xib; sourceTree = "<group>"; };
		E9B0996E2248FF7600F3B11C /* CartListModel.swift */ = {isa = PBXFileReference; lastKnownFileType = sourcecode.swift; path = CartListModel.swift; sourceTree = "<group>"; };
		E9B099722249016A00F3B11C /* CartListViewModel.swift */ = {isa = PBXFileReference; lastKnownFileType = sourcecode.swift; path = CartListViewModel.swift; sourceTree = "<group>"; };
		E9B099762249025E00F3B11C /* CartListView.swift */ = {isa = PBXFileReference; lastKnownFileType = sourcecode.swift; path = CartListView.swift; sourceTree = "<group>"; };
		E9B099772249025E00F3B11C /* CartListView.xib */ = {isa = PBXFileReference; lastKnownFileType = file.xib; path = CartListView.xib; sourceTree = "<group>"; };
		E9B09980224905F000F3B11C /* SideMenuView.swift */ = {isa = PBXFileReference; lastKnownFileType = sourcecode.swift; path = SideMenuView.swift; sourceTree = "<group>"; };
		E9B09981224905F000F3B11C /* SideMenuView.xib */ = {isa = PBXFileReference; lastKnownFileType = file.xib; path = SideMenuView.xib; sourceTree = "<group>"; };
		E9B099882249089000F3B11C /* SideMenuCell.swift */ = {isa = PBXFileReference; lastKnownFileType = sourcecode.swift; path = SideMenuCell.swift; sourceTree = "<group>"; };
		E9B099892249089000F3B11C /* SideMenuCell.xib */ = {isa = PBXFileReference; lastKnownFileType = file.xib; path = SideMenuCell.xib; sourceTree = "<group>"; };
		E9B36DEB224A542D006CF955 /* CartListFooterView.swift */ = {isa = PBXFileReference; lastKnownFileType = sourcecode.swift; path = CartListFooterView.swift; sourceTree = "<group>"; };
		E9B36DEF224A544D006CF955 /* CartListFooterView.xib */ = {isa = PBXFileReference; lastKnownFileType = file.xib; path = CartListFooterView.xib; sourceTree = "<group>"; };
		E9CD301022450743005CA871 /* UIVIew.swift */ = {isa = PBXFileReference; lastKnownFileType = sourcecode.swift; path = UIVIew.swift; sourceTree = "<group>"; };
		E9FD929F2240FEE80079A039 /* LoginModel.swift */ = {isa = PBXFileReference; lastKnownFileType = sourcecode.swift; path = LoginModel.swift; sourceTree = "<group>"; };
		E9FD92A12240FEFA0079A039 /* LoginViewModel.swift */ = {isa = PBXFileReference; lastKnownFileType = sourcecode.swift; path = LoginViewModel.swift; sourceTree = "<group>"; };
		E9FD92A3224112F70079A039 /* Dictionary.swift */ = {isa = PBXFileReference; lastKnownFileType = sourcecode.swift; path = Dictionary.swift; sourceTree = "<group>"; };
		E9FD92A52241150E0079A039 /* UserModel.swift */ = {isa = PBXFileReference; lastKnownFileType = sourcecode.swift; path = UserModel.swift; sourceTree = "<group>"; };
		E9FD92A722411B0C0079A039 /* UIViewController.swift */ = {isa = PBXFileReference; lastKnownFileType = sourcecode.swift; path = UIViewController.swift; sourceTree = "<group>"; };
		E9FD92AA224122300079A039 /* KeychainPasswordItem.swift */ = {isa = PBXFileReference; lastKnownFileType = sourcecode.swift; path = KeychainPasswordItem.swift; sourceTree = "<group>"; };
		E9FD92AC224122950079A039 /* KeychainConfiguration.swift */ = {isa = PBXFileReference; lastKnownFileType = sourcecode.swift; path = KeychainConfiguration.swift; sourceTree = "<group>"; };
		E9FD92AE224205260079A039 /* UIButton.swift */ = {isa = PBXFileReference; lastKnownFileType = sourcecode.swift; path = UIButton.swift; sourceTree = "<group>"; };
		E9FD92B1224205A60079A039 /* CustomButton.swift */ = {isa = PBXFileReference; lastKnownFileType = sourcecode.swift; path = CustomButton.swift; sourceTree = "<group>"; };
		E9FD92B422420B800079A039 /* HomeView.swift */ = {isa = PBXFileReference; lastKnownFileType = sourcecode.swift; path = HomeView.swift; sourceTree = "<group>"; };
		E9FD92B522420B800079A039 /* HomeView.xib */ = {isa = PBXFileReference; lastKnownFileType = file.xib; path = HomeView.xib; sourceTree = "<group>"; };
		E9FD92B8224212F10079A039 /* ImageCollectionViewCell.swift */ = {isa = PBXFileReference; lastKnownFileType = sourcecode.swift; path = ImageCollectionViewCell.swift; sourceTree = "<group>"; };
		E9FD92B9224212F10079A039 /* ImageCollectionViewCell.xib */ = {isa = PBXFileReference; lastKnownFileType = file.xib; path = ImageCollectionViewCell.xib; sourceTree = "<group>"; };
		E9FD92C022421A310079A039 /* HomeModel.swift */ = {isa = PBXFileReference; lastKnownFileType = sourcecode.swift; path = HomeModel.swift; sourceTree = "<group>"; };
		E9FD92C422421A740079A039 /* HomeViewModel.swift */ = {isa = PBXFileReference; lastKnownFileType = sourcecode.swift; path = HomeViewModel.swift; sourceTree = "<group>"; };
		E9FD92E222424F6F0079A039 /* ProductListView.swift */ = {isa = PBXFileReference; lastKnownFileType = sourcecode.swift; path = ProductListView.swift; sourceTree = "<group>"; };
		E9FD92E322424F6F0079A039 /* ProductListView.xib */ = {isa = PBXFileReference; lastKnownFileType = file.xib; path = ProductListView.xib; sourceTree = "<group>"; };
		E9FD92F2224251580079A039 /* ProductListModel.swift */ = {isa = PBXFileReference; lastKnownFileType = sourcecode.swift; path = ProductListModel.swift; sourceTree = "<group>"; };
		E9FD92F6224251940079A039 /* ProductListViewModel.swift */ = {isa = PBXFileReference; lastKnownFileType = sourcecode.swift; path = ProductListViewModel.swift; sourceTree = "<group>"; };
		E9FD92FA224252EB0079A039 /* ProductCell.swift */ = {isa = PBXFileReference; lastKnownFileType = sourcecode.swift; path = ProductCell.swift; sourceTree = "<group>"; };
		E9FD92FB224252EB0079A039 /* ProductCell.xib */ = {isa = PBXFileReference; lastKnownFileType = file.xib; path = ProductCell.xib; sourceTree = "<group>"; };
		F21A2EEE224CA982008D675A /* AdressViewModel.swift */ = {isa = PBXFileReference; lastKnownFileType = sourcecode.swift; path = AdressViewModel.swift; sourceTree = "<group>"; };
		F21A2EF2224CAA44008D675A /* AddressModel.swift */ = {isa = PBXFileReference; lastKnownFileType = sourcecode.swift; path = AddressModel.swift; sourceTree = "<group>"; };
		F21A2EF7224CB9D5008D675A /* UIAlertController.swift */ = {isa = PBXFileReference; lastKnownFileType = sourcecode.swift; path = UIAlertController.swift; sourceTree = "<group>"; };
		F21A2EFC224CCF25008D675A /* MyAccountView.swift */ = {isa = PBXFileReference; lastKnownFileType = sourcecode.swift; path = MyAccountView.swift; sourceTree = "<group>"; };
		F21A2EFD224CCF25008D675A /* MyAccountView.xib */ = {isa = PBXFileReference; lastKnownFileType = file.xib; path = MyAccountView.xib; sourceTree = "<group>"; };
		F21A2F04224CD771008D675A /* ProductCatagoryModel.swift */ = {isa = PBXFileReference; lastKnownFileType = sourcecode.swift; path = ProductCatagoryModel.swift; sourceTree = "<group>"; };
		F21A2F08224CDCA2008D675A /* MyAccountViewModel.swift */ = {isa = PBXFileReference; lastKnownFileType = sourcecode.swift; path = MyAccountViewModel.swift; sourceTree = "<group>"; };
		F21A2F0C224CFE71008D675A /* String.swift */ = {isa = PBXFileReference; lastKnownFileType = sourcecode.swift; path = String.swift; sourceTree = "<group>"; };
		F250E7D9224DFAB200720F0C /* ResetPasswordView.swift */ = {isa = PBXFileReference; lastKnownFileType = sourcecode.swift; path = ResetPasswordView.swift; sourceTree = "<group>"; };
		F250E7DA224DFAB200720F0C /* ResetPasswordView.xib */ = {isa = PBXFileReference; lastKnownFileType = file.xib; path = ResetPasswordView.xib; sourceTree = "<group>"; };
		F2B0FD55224B8BB80071254B /* OrderDetailModel.swift */ = {isa = PBXFileReference; lastKnownFileType = sourcecode.swift; path = OrderDetailModel.swift; sourceTree = "<group>"; };
		F2B0FD5A224B8D5F0071254B /* OrderDetailView.swift */ = {isa = PBXFileReference; lastKnownFileType = sourcecode.swift; path = OrderDetailView.swift; sourceTree = "<group>"; };
		F2B0FD5B224B8D5F0071254B /* OrderDetailView.xib */ = {isa = PBXFileReference; lastKnownFileType = file.xib; path = OrderDetailView.xib; sourceTree = "<group>"; };
		F2B0FD62224B8D900071254B /* OrderDetailViewModel.swift */ = {isa = PBXFileReference; lastKnownFileType = sourcecode.swift; path = OrderDetailViewModel.swift; sourceTree = "<group>"; };
		F2B0FD66224BA4750071254B /* UILabel.swift */ = {isa = PBXFileReference; lastKnownFileType = sourcecode.swift; path = UILabel.swift; sourceTree = "<group>"; };
		F2B0FD6B224BB3E10071254B /* AddressView.swift */ = {isa = PBXFileReference; lastKnownFileType = sourcecode.swift; path = AddressView.swift; sourceTree = "<group>"; };
		F2B0FD6C224BB3E10071254B /* AddressView.xib */ = {isa = PBXFileReference; lastKnownFileType = file.xib; path = AddressView.xib; sourceTree = "<group>"; };
		F2CBC90F224B7B3700BCA58E /* MyOrderCell.swift */ = {isa = PBXFileReference; lastKnownFileType = sourcecode.swift; path = MyOrderCell.swift; sourceTree = "<group>"; };
		F2CBC910224B7B3700BCA58E /* MyOrderCell.xib */ = {isa = PBXFileReference; lastKnownFileType = file.xib; path = MyOrderCell.xib; sourceTree = "<group>"; };
/* End PBXFileReference section */

/* Begin PBXFrameworksBuildPhase section */
		E97305D5223F7B47006AE040 /* Frameworks */ = {
			isa = PBXFrameworksBuildPhase;
			buildActionMask = 2147483647;
			files = (
			);
			runOnlyForDeploymentPostprocessing = 0;
		};
		E97305E9223F7B54006AE040 /* Frameworks */ = {
			isa = PBXFrameworksBuildPhase;
			buildActionMask = 2147483647;
			files = (
			);
			runOnlyForDeploymentPostprocessing = 0;
		};
		E97305F4223F7B54006AE040 /* Frameworks */ = {
			isa = PBXFrameworksBuildPhase;
			buildActionMask = 2147483647;
			files = (
			);
			runOnlyForDeploymentPostprocessing = 0;
		};
/* End PBXFrameworksBuildPhase section */

/* Begin PBXGroup section */
		E96D1FDD224B407C00F93DCD /* MyOrderListView */ = {
			isa = PBXGroup;
			children = (
				E96D1FDE224B40AF00F93DCD /* MyOrderListView.swift */,
				E96D1FDF224B40AF00F93DCD /* MyOrderListView.xib */,
				F2CBC90F224B7B3700BCA58E /* MyOrderCell.swift */,
				F2CBC910224B7B3700BCA58E /* MyOrderCell.xib */,
			);
			path = MyOrderListView;
			sourceTree = "<group>";
		};
		E96E069C2244C34000D2A0CC /* ProductDetailView */ = {
			isa = PBXGroup;
			children = (
				E96E069D2244C37600D2A0CC /* ProductDetailView.swift */,
				E96E069E2244C37600D2A0CC /* ProductDetailView.xib */,
			);
			path = ProductDetailView;
			sourceTree = "<group>";
		};
		E97305CF223F7B47006AE040 = {
			isa = PBXGroup;
			children = (
				E97305DA223F7B47006AE040 /* NeoStore */,
				E97305EF223F7B54006AE040 /* NeoStoreTests */,
				E97305FA223F7B54006AE040 /* NeoStoreUITests */,
				E97305D9223F7B47006AE040 /* Products */,
			);
			sourceTree = "<group>";
		};
		E97305D9223F7B47006AE040 /* Products */ = {
			isa = PBXGroup;
			children = (
				E97305D8223F7B47006AE040 /* NeoStore.app */,
				E97305EC223F7B54006AE040 /* NeoStoreTests.xctest */,
				E97305F7223F7B54006AE040 /* NeoStoreUITests.xctest */,
			);
			name = Products;
			sourceTree = "<group>";
		};
		E97305DA223F7B47006AE040 /* NeoStore */ = {
			isa = PBXGroup;
			children = (
				E9FD92B02242057E0079A039 /* IBDesignable */,
				E9FD92A9224121910079A039 /* KeyChain */,
				E9730622223FB62A006AE040 /* Resources */,
				E973061F223FB0F7006AE040 /* Extension */,
				E973061A223F8976006AE040 /* Utilities */,
				E9730617223F8744006AE040 /* MySingleton */,
				E9730609223F7D3E006AE040 /* App */,
				E973060B223F7EB4006AE040 /* Model */,
				E973060A223F7E9E006AE040 /* View */,
				E9FD92E022424F040079A039 /* CollectionViewCell */,
				E973060C223F7EBC006AE040 /* ViewModel */,
			);
			path = NeoStore;
			sourceTree = "<group>";
		};
		E97305EF223F7B54006AE040 /* NeoStoreTests */ = {
			isa = PBXGroup;
			children = (
				E97305F0223F7B54006AE040 /* NeoStoreTests.swift */,
				E97305F2223F7B54006AE040 /* Info.plist */,
			);
			path = NeoStoreTests;
			sourceTree = "<group>";
		};
		E97305FA223F7B54006AE040 /* NeoStoreUITests */ = {
			isa = PBXGroup;
			children = (
				E97305FB223F7B54006AE040 /* NeoStoreUITests.swift */,
				E97305FD223F7B54006AE040 /* Info.plist */,
			);
			path = NeoStoreUITests;
			sourceTree = "<group>";
		};
		E9730609223F7D3E006AE040 /* App */ = {
			isa = PBXGroup;
			children = (
				E97305DB223F7B47006AE040 /* AppDelegate.swift */,
				E97305DD223F7B47006AE040 /* ViewController.swift */,
				E97305E2223F7B53006AE040 /* Assets.xcassets */,
				E97305E4223F7B53006AE040 /* LaunchScreen.storyboard */,
				E97305E7223F7B53006AE040 /* Info.plist */,
			);
			path = App;
			sourceTree = "<group>";
		};
		E973060A223F7E9E006AE040 /* View */ = {
			isa = PBXGroup;
			children = (
				F250E7D8224DFA2D00720F0C /* ResetPasswordView */,
				F21A2EFB224CCEF9008D675A /* MyAccountView */,
				F2B0FD6A224BB03D0071254B /* AddressView */,
				F2B0FD59224B8D200071254B /* OrderDetailView */,
				E96D1FDD224B407C00F93DCD /* MyOrderListView */,
				E9B0997F224905D300F3B11C /* SideMenuView */,
				E9B0997E2249028500F3B11C /* CartListView */,
				E986911F2248E8E20042F6F9 /* RateProductView */,
				E98691162248B63F0042F6F9 /* BuyProductView */,
				E96E069C2244C34000D2A0CC /* ProductDetailView */,
				E9FD92E122424F3C0079A039 /* ProductListView */,
				E9FD92B322420B380079A039 /* HomeView */,
				E9730612223F8213006AE040 /* RegisterView */,
				E973060D223F7ED3006AE040 /* LoginView */,
			);
			path = View;
			sourceTree = "<group>";
		};
		E973060B223F7EB4006AE040 /* Model */ = {
			isa = PBXGroup;
			children = (
				E97306B42240C6AA006AE040 /* RegisterModel.swift */,
				E9FD929F2240FEE80079A039 /* LoginModel.swift */,
				E9FD92A52241150E0079A039 /* UserModel.swift */,
				E9FD92C022421A310079A039 /* HomeModel.swift */,
				E9FD92F2224251580079A039 /* ProductListModel.swift */,
				E96E06A52244CFC700D2A0CC /* ProductDetailModel.swift */,
				E9B0996E2248FF7600F3B11C /* CartListModel.swift */,
				E96D1FE6224B41F300F93DCD /* OrderListModel.swift */,
				F2B0FD55224B8BB80071254B /* OrderDetailModel.swift */,
				F21A2EF2224CAA44008D675A /* AddressModel.swift */,
				F21A2F04224CD771008D675A /* ProductCatagoryModel.swift */,
			);
			path = Model;
			sourceTree = "<group>";
		};
		E973060C223F7EBC006AE040 /* ViewModel */ = {
			isa = PBXGroup;
			children = (
				E97306B62240C901006AE040 /* RegisterViewModel.swift */,
				E9FD92A12240FEFA0079A039 /* LoginViewModel.swift */,
				E9FD92C422421A740079A039 /* HomeViewModel.swift */,
				E9FD92F6224251940079A039 /* ProductListViewModel.swift */,
				E96E06A92244D34B00D2A0CC /* ProductDetailViewModel.swift */,
				E9B099722249016A00F3B11C /* CartListViewModel.swift */,
				E96D1FEA224B423700F93DCD /* OrderListViewModel.swift */,
				F2B0FD62224B8D900071254B /* OrderDetailViewModel.swift */,
				F21A2EEE224CA982008D675A /* AdressViewModel.swift */,
				F21A2F08224CDCA2008D675A /* MyAccountViewModel.swift */,
			);
			path = ViewModel;
			sourceTree = "<group>";
		};
		E973060D223F7ED3006AE040 /* LoginView */ = {
			isa = PBXGroup;
			children = (
				E973060E223F7EFC006AE040 /* LoginView.swift */,
				E973060F223F7EFC006AE040 /* LoginView.xib */,
			);
			path = LoginView;
			sourceTree = "<group>";
		};
		E9730612223F8213006AE040 /* RegisterView */ = {
			isa = PBXGroup;
			children = (
				E97306A8223FC4EE006AE040 /* RegisterView.swift */,
				E97306A9223FC4EE006AE040 /* RegisterView.xib */,
			);
			path = RegisterView;
			sourceTree = "<group>";
		};
		E9730617223F8744006AE040 /* MySingleton */ = {
			isa = PBXGroup;
			children = (
				E96E06982244C32500D2A0CC /* ReachabilityChecker.swift */,
				E9730618223F8766006AE040 /* APIManager.swift */,
				E97306B02240BA23006AE040 /* KeyboardManager.swift */,
				E96E06902244B2EC00D2A0CC /* CacheManager.swift */,
			);
			path = MySingleton;
			sourceTree = "<group>";
		};
		E973061A223F8976006AE040 /* Utilities */ = {
			isa = PBXGroup;
			children = (
				E96E06942244C31E00D2A0CC /* Reachability.swift */,
				E973061B223F8990006AE040 /* Constants.swift */,
				E973061D223FAF79006AE040 /* NavigationController.swift */,
				E97306AE2240B456006AE040 /* Utilities.swift */,
			);
			path = Utilities;
			sourceTree = "<group>";
		};
		E973061F223FB0F7006AE040 /* Extension */ = {
			isa = PBXGroup;
			children = (
				E9730620223FB132006AE040 /* UIColor.swift */,
				E9FD92A3224112F70079A039 /* Dictionary.swift */,
				E9FD92A722411B0C0079A039 /* UIViewController.swift */,
				E9FD92AE224205260079A039 /* UIButton.swift */,
				E96E068C2244B1C900D2A0CC /* UIImageView.swift */,
				E9CD301022450743005CA871 /* UIVIew.swift */,
				F2B0FD66224BA4750071254B /* UILabel.swift */,
				F21A2EF7224CB9D5008D675A /* UIAlertController.swift */,
				F21A2F0C224CFE71008D675A /* String.swift */,
			);
			path = Extension;
			sourceTree = "<group>";
		};
		E9730622223FB62A006AE040 /* Resources */ = {
			isa = PBXGroup;
			children = (
				E973064C223FB6FC006AE040 /* Fonts */,
			);
			path = Resources;
			sourceTree = "<group>";
		};
		E973064C223FB6FC006AE040 /* Fonts */ = {
			isa = PBXGroup;
			children = (
				E9730659223FB71F006AE040 /* GOTHAM-BLACK.TTF */,
				E9730655223FB71F006AE040 /* GOTHAM-BLACKITALIC.TTF */,
				E9730650223FB71E006AE040 /* GOTHAM-BOLD_0.OTF */,
				E973065B223FB71F006AE040 /* GOTHAM-BOLD.TTF */,
				E9730656223FB71F006AE040 /* GOTHAM-BOLDITALIC.TTF */,
				E973064E223FB71E006AE040 /* Gotham-Book.otf */,
				E9730657223FB71F006AE040 /* GOTHAM-BOOKITALIC_0.OTF */,
				E973065A223FB71F006AE040 /* GOTHAM-LIGHT_0.OTF */,
				E9730658223FB71F006AE040 /* GOTHAM-LIGHT.TTF */,
				E973065C223FB71F006AE040 /* GOTHAM-LIGHTITALIC.TTF */,
				E973064F223FB71E006AE040 /* GOTHAM-MEDIUM.TTF */,
				E973065E223FB720006AE040 /* GOTHAM-MEDIUMITALIC.TTF */,
				E9730653223FB71F006AE040 /* GOTHAM-THIN.TTF */,
				E973065D223FB720006AE040 /* GOTHAM-THINITALIC.TTF */,
				E973064D223FB71E006AE040 /* GOTHAM-ULTRA.TTF */,
				E9730654223FB71F006AE040 /* GOTHAM-ULTRAITALIC.TTF */,
				E9730652223FB71E006AE040 /* GOTHAM-XLIGHT.TTF */,
				E9730651223FB71E006AE040 /* GOTHAM-XLIGHTITALIC.TTF */,
			);
			path = Fonts;
			sourceTree = "<group>";
		};
		E98691162248B63F0042F6F9 /* BuyProductView */ = {
			isa = PBXGroup;
			children = (
				E98691172248B6770042F6F9 /* BuyProductView.swift */,
				E98691182248B6770042F6F9 /* BuyProductView.xib */,
			);
			path = BuyProductView;
			sourceTree = "<group>";
		};
		E986911F2248E8E20042F6F9 /* RateProductView */ = {
			isa = PBXGroup;
			children = (
				E98691202248E9010042F6F9 /* RateProductView.swift */,
				E98691212248E9010042F6F9 /* RateProductView.xib */,
			);
			path = RateProductView;
			sourceTree = "<group>";
		};
		E9B0997E2249028500F3B11C /* CartListView */ = {
			isa = PBXGroup;
			children = (
				E9B099762249025E00F3B11C /* CartListView.swift */,
				E9B099772249025E00F3B11C /* CartListView.xib */,
				E9898E99224A01F200CF63EC /* CartListCell.swift */,
				E9898E9A224A01F200CF63EC /* CartListCell.xib */,
				E9B36DEB224A542D006CF955 /* CartListFooterView.swift */,
				E9B36DEF224A544D006CF955 /* CartListFooterView.xib */,
			);
			path = CartListView;
			sourceTree = "<group>";
		};
		E9B0997F224905D300F3B11C /* SideMenuView */ = {
			isa = PBXGroup;
			children = (
				E9B09980224905F000F3B11C /* SideMenuView.swift */,
				E9B09981224905F000F3B11C /* SideMenuView.xib */,
				E9B099882249089000F3B11C /* SideMenuCell.swift */,
				E9B099892249089000F3B11C /* SideMenuCell.xib */,
			);
			path = SideMenuView;
			sourceTree = "<group>";
		};
		E9FD92A9224121910079A039 /* KeyChain */ = {
			isa = PBXGroup;
			children = (
				E9FD92AA224122300079A039 /* KeychainPasswordItem.swift */,
				E9FD92AC224122950079A039 /* KeychainConfiguration.swift */,
			);
			path = KeyChain;
			sourceTree = "<group>";
		};
		E9FD92B02242057E0079A039 /* IBDesignable */ = {
			isa = PBXGroup;
			children = (
				E973069A223FC1C8006AE040 /* CustomTextField.swift */,
				E9FD92B1224205A60079A039 /* CustomButton.swift */,
			);
			path = IBDesignable;
			sourceTree = "<group>";
		};
		E9FD92B322420B380079A039 /* HomeView */ = {
			isa = PBXGroup;
			children = (
				E9FD92B422420B800079A039 /* HomeView.swift */,
				E9FD92B522420B800079A039 /* HomeView.xib */,
			);
			path = HomeView;
			sourceTree = "<group>";
		};
		E9FD92E022424F040079A039 /* CollectionViewCell */ = {
			isa = PBXGroup;
			children = (
				E9FD92B8224212F10079A039 /* ImageCollectionViewCell.swift */,
				E9FD92B9224212F10079A039 /* ImageCollectionViewCell.xib */,
			);
			path = CollectionViewCell;
			sourceTree = "<group>";
		};
		E9FD92E122424F3C0079A039 /* ProductListView */ = {
			isa = PBXGroup;
			children = (
				E9FD92E222424F6F0079A039 /* ProductListView.swift */,
				E9FD92E322424F6F0079A039 /* ProductListView.xib */,
				E9FD92FA224252EB0079A039 /* ProductCell.swift */,
				E9FD92FB224252EB0079A039 /* ProductCell.xib */,
			);
			path = ProductListView;
			sourceTree = "<group>";
		};
		F21A2EFB224CCEF9008D675A /* MyAccountView */ = {
			isa = PBXGroup;
			children = (
				F21A2EFC224CCF25008D675A /* MyAccountView.swift */,
				F21A2EFD224CCF25008D675A /* MyAccountView.xib */,
			);
			path = MyAccountView;
			sourceTree = "<group>";
		};
		F250E7D8224DFA2D00720F0C /* ResetPasswordView */ = {
			isa = PBXGroup;
			children = (
				F250E7D9224DFAB200720F0C /* ResetPasswordView.swift */,
				F250E7DA224DFAB200720F0C /* ResetPasswordView.xib */,
			);
			path = ResetPasswordView;
			sourceTree = "<group>";
		};
		F2B0FD59224B8D200071254B /* OrderDetailView */ = {
			isa = PBXGroup;
			children = (
				F2B0FD5A224B8D5F0071254B /* OrderDetailView.swift */,
				F2B0FD5B224B8D5F0071254B /* OrderDetailView.xib */,
			);
			path = OrderDetailView;
			sourceTree = "<group>";
		};
		F2B0FD6A224BB03D0071254B /* AddressView */ = {
			isa = PBXGroup;
			children = (
				F2B0FD6B224BB3E10071254B /* AddressView.swift */,
				F2B0FD6C224BB3E10071254B /* AddressView.xib */,
			);
			path = AddressView;
			sourceTree = "<group>";
		};
/* End PBXGroup section */

/* Begin PBXNativeTarget section */
		E97305D7223F7B47006AE040 /* NeoStore */ = {
			isa = PBXNativeTarget;
			buildConfigurationList = E9730600223F7B54006AE040 /* Build configuration list for PBXNativeTarget "NeoStore" */;
			buildPhases = (
				E97305D4223F7B47006AE040 /* Sources */,
				E97305D5223F7B47006AE040 /* Frameworks */,
				E97305D6223F7B47006AE040 /* Resources */,
			);
			buildRules = (
			);
			dependencies = (
			);
			name = NeoStore;
			productName = NeoStore;
			productReference = E97305D8223F7B47006AE040 /* NeoStore.app */;
			productType = "com.apple.product-type.application";
		};
		E97305EB223F7B54006AE040 /* NeoStoreTests */ = {
			isa = PBXNativeTarget;
			buildConfigurationList = E9730603223F7B54006AE040 /* Build configuration list for PBXNativeTarget "NeoStoreTests" */;
			buildPhases = (
				E97305E8223F7B54006AE040 /* Sources */,
				E97305E9223F7B54006AE040 /* Frameworks */,
				E97305EA223F7B54006AE040 /* Resources */,
			);
			buildRules = (
			);
			dependencies = (
				E97305EE223F7B54006AE040 /* PBXTargetDependency */,
			);
			name = NeoStoreTests;
			productName = NeoStoreTests;
			productReference = E97305EC223F7B54006AE040 /* NeoStoreTests.xctest */;
			productType = "com.apple.product-type.bundle.unit-test";
		};
		E97305F6223F7B54006AE040 /* NeoStoreUITests */ = {
			isa = PBXNativeTarget;
			buildConfigurationList = E9730606223F7B54006AE040 /* Build configuration list for PBXNativeTarget "NeoStoreUITests" */;
			buildPhases = (
				E97305F3223F7B54006AE040 /* Sources */,
				E97305F4223F7B54006AE040 /* Frameworks */,
				E97305F5223F7B54006AE040 /* Resources */,
			);
			buildRules = (
			);
			dependencies = (
				E97305F9223F7B54006AE040 /* PBXTargetDependency */,
			);
			name = NeoStoreUITests;
			productName = NeoStoreUITests;
			productReference = E97305F7223F7B54006AE040 /* NeoStoreUITests.xctest */;
			productType = "com.apple.product-type.bundle.ui-testing";
		};
/* End PBXNativeTarget section */

/* Begin PBXProject section */
		E97305D0223F7B47006AE040 /* Project object */ = {
			isa = PBXProject;
			attributes = {
				LastSwiftUpdateCheck = 1010;
				LastUpgradeCheck = 1010;
				ORGANIZATIONNAME = webwerks;
				TargetAttributes = {
					E97305D7223F7B47006AE040 = {
						CreatedOnToolsVersion = 10.1;
						LastSwiftMigration = 1010;
					};
					E97305EB223F7B54006AE040 = {
						CreatedOnToolsVersion = 10.1;
						LastSwiftMigration = 1010;
						TestTargetID = E97305D7223F7B47006AE040;
					};
					E97305F6223F7B54006AE040 = {
						CreatedOnToolsVersion = 10.1;
						LastSwiftMigration = 1010;
						TestTargetID = E97305D7223F7B47006AE040;
					};
				};
			};
			buildConfigurationList = E97305D3223F7B47006AE040 /* Build configuration list for PBXProject "NeoStore" */;
			compatibilityVersion = "Xcode 9.3";
			developmentRegion = en;
			hasScannedForEncodings = 0;
			knownRegions = (
				en,
				Base,
			);
			mainGroup = E97305CF223F7B47006AE040;
			productRefGroup = E97305D9223F7B47006AE040 /* Products */;
			projectDirPath = "";
			projectRoot = "";
			targets = (
				E97305D7223F7B47006AE040 /* NeoStore */,
				E97305EB223F7B54006AE040 /* NeoStoreTests */,
				E97305F6223F7B54006AE040 /* NeoStoreUITests */,
			);
		};
/* End PBXProject section */

/* Begin PBXResourcesBuildPhase section */
		E97305D6223F7B47006AE040 /* Resources */ = {
			isa = PBXResourcesBuildPhase;
			buildActionMask = 2147483647;
			files = (
				E96E06A22244C37600D2A0CC /* ProductDetailView.xib in Resources */,
				E9FD92B722420B800079A039 /* HomeView.xib in Resources */,
				E9730660223FB720006AE040 /* Gotham-Book.otf in Resources */,
				F2B0FD70224BB3E10071254B /* AddressView.xib in Resources */,
				F2B0FD5F224B8D5F0071254B /* OrderDetailView.xib in Resources */,
				E973066A223FB720006AE040 /* GOTHAM-LIGHT.TTF in Resources */,
				E9730669223FB720006AE040 /* GOTHAM-BOOKITALIC_0.OTF in Resources */,
				E9730668223FB720006AE040 /* GOTHAM-BOLDITALIC.TTF in Resources */,
				E973066D223FB720006AE040 /* GOTHAM-BOLD.TTF in Resources */,
				E9730667223FB720006AE040 /* GOTHAM-BLACKITALIC.TTF in Resources */,
				E96D1FE3224B40AF00F93DCD /* MyOrderListView.xib in Resources */,
				E9FD92E722424F6F0079A039 /* ProductListView.xib in Resources */,
				E9B36DF0224A544D006CF955 /* CartListFooterView.xib in Resources */,
				E973066F223FB720006AE040 /* GOTHAM-THINITALIC.TTF in Resources */,
				E9730666223FB720006AE040 /* GOTHAM-ULTRAITALIC.TTF in Resources */,
				E973065F223FB720006AE040 /* GOTHAM-ULTRA.TTF in Resources */,
				E97305E6223F7B53006AE040 /* LaunchScreen.storyboard in Resources */,
				E9898E9E224A01F300CF63EC /* CartListCell.xib in Resources */,
				E973066C223FB720006AE040 /* GOTHAM-LIGHT_0.OTF in Resources */,
				E9FD92FF224252EB0079A039 /* ProductCell.xib in Resources */,
				F2CBC914224B7B3700BCA58E /* MyOrderCell.xib in Resources */,
				E97306AB223FC4EE006AE040 /* RegisterView.xib in Resources */,
				E9B09985224905F000F3B11C /* SideMenuView.xib in Resources */,
				E9730661223FB720006AE040 /* GOTHAM-MEDIUM.TTF in Resources */,
				F21A2F01224CCF25008D675A /* MyAccountView.xib in Resources */,
				E9730665223FB720006AE040 /* GOTHAM-THIN.TTF in Resources */,
				E9730663223FB720006AE040 /* GOTHAM-XLIGHTITALIC.TTF in Resources */,
				E9730670223FB720006AE040 /* GOTHAM-MEDIUMITALIC.TTF in Resources */,
				E9730664223FB720006AE040 /* GOTHAM-XLIGHT.TTF in Resources */,
				E9730662223FB720006AE040 /* GOTHAM-BOLD_0.OTF in Resources */,
				E973066B223FB720006AE040 /* GOTHAM-BLACK.TTF in Resources */,
				F250E7DE224DFAB200720F0C /* ResetPasswordView.xib in Resources */,
				E986911C2248B6770042F6F9 /* BuyProductView.xib in Resources */,
				E973066E223FB720006AE040 /* GOTHAM-LIGHTITALIC.TTF in Resources */,
				E97305E3223F7B53006AE040 /* Assets.xcassets in Resources */,
				E9B0998D2249089000F3B11C /* SideMenuCell.xib in Resources */,
				E9B0997B2249025E00F3B11C /* CartListView.xib in Resources */,
				E98691252248E9010042F6F9 /* RateProductView.xib in Resources */,
				E9FD92BD224212F10079A039 /* ImageCollectionViewCell.xib in Resources */,
				E9730611223F7EFC006AE040 /* LoginView.xib in Resources */,
			);
			runOnlyForDeploymentPostprocessing = 0;
		};
		E97305EA223F7B54006AE040 /* Resources */ = {
			isa = PBXResourcesBuildPhase;
			buildActionMask = 2147483647;
			files = (
				F250E7DF224DFAB200720F0C /* ResetPasswordView.xib in Resources */,
				F21A2F02224CCF25008D675A /* MyAccountView.xib in Resources */,
				F2B0FD60224B8D5F0071254B /* OrderDetailView.xib in Resources */,
				E98691262248E9010042F6F9 /* RateProductView.xib in Resources */,
				E9FD9300224252EB0079A039 /* ProductCell.xib in Resources */,
				F2B0FD71224BB3E10071254B /* AddressView.xib in Resources */,
				E9B0998E2249089000F3B11C /* SideMenuCell.xib in Resources */,
				E9898E9F224A01F300CF63EC /* CartListCell.xib in Resources */,
				E9B0997C2249025E00F3B11C /* CartListView.xib in Resources */,
				E96E06A32244C37600D2A0CC /* ProductDetailView.xib in Resources */,
				E9FD92E822424F6F0079A039 /* ProductListView.xib in Resources */,
				E9B36DF1224A544D006CF955 /* CartListFooterView.xib in Resources */,
				E9FD92BE224212F10079A039 /* ImageCollectionViewCell.xib in Resources */,
				E96D1FE4224B40AF00F93DCD /* MyOrderListView.xib in Resources */,
				E9B09986224905F000F3B11C /* SideMenuView.xib in Resources */,
				F2CBC915224B7B3700BCA58E /* MyOrderCell.xib in Resources */,
				E986911D2248B6770042F6F9 /* BuyProductView.xib in Resources */,
			);
			runOnlyForDeploymentPostprocessing = 0;
		};
		E97305F5223F7B54006AE040 /* Resources */ = {
			isa = PBXResourcesBuildPhase;
			buildActionMask = 2147483647;
			files = (
				F250E7E0224DFAB200720F0C /* ResetPasswordView.xib in Resources */,
				F21A2F03224CCF25008D675A /* MyAccountView.xib in Resources */,
				F2B0FD61224B8D5F0071254B /* OrderDetailView.xib in Resources */,
				E98691272248E9010042F6F9 /* RateProductView.xib in Resources */,
				E9FD9301224252EB0079A039 /* ProductCell.xib in Resources */,
				F2B0FD72224BB3E10071254B /* AddressView.xib in Resources */,
				E9B0998F2249089000F3B11C /* SideMenuCell.xib in Resources */,
				E9898EA0224A01F300CF63EC /* CartListCell.xib in Resources */,
				E9B0997D2249025E00F3B11C /* CartListView.xib in Resources */,
				E96E06A42244C37600D2A0CC /* ProductDetailView.xib in Resources */,
				E9FD92E922424F6F0079A039 /* ProductListView.xib in Resources */,
				E9B36DF2224A544D006CF955 /* CartListFooterView.xib in Resources */,
				E9FD92BF224212F10079A039 /* ImageCollectionViewCell.xib in Resources */,
				E96D1FE5224B40AF00F93DCD /* MyOrderListView.xib in Resources */,
				E9B09987224905F000F3B11C /* SideMenuView.xib in Resources */,
				F2CBC916224B7B3700BCA58E /* MyOrderCell.xib in Resources */,
				E986911E2248B6770042F6F9 /* BuyProductView.xib in Resources */,
			);
			runOnlyForDeploymentPostprocessing = 0;
		};
/* End PBXResourcesBuildPhase section */

/* Begin PBXSourcesBuildPhase section */
		E97305D4223F7B47006AE040 /* Sources */ = {
			isa = PBXSourcesBuildPhase;
			buildActionMask = 2147483647;
			files = (
				E97306AA223FC4EE006AE040 /* RegisterView.swift in Sources */,
				E9B36DEC224A542D006CF955 /* CartListFooterView.swift in Sources */,
				E9FD92A4224112F70079A039 /* Dictionary.swift in Sources */,
				E9FD92A822411B0C0079A039 /* UIViewController.swift in Sources */,
				E9FD92A02240FEE80079A039 /* LoginModel.swift in Sources */,
				E9730610223F7EFC006AE040 /* LoginView.swift in Sources */,
				E9730621223FB132006AE040 /* UIColor.swift in Sources */,
				E96E06952244C31E00D2A0CC /* Reachability.swift in Sources */,
				E9FD92F3224251580079A039 /* ProductListModel.swift in Sources */,
				E9FD92E422424F6F0079A039 /* ProductListView.swift in Sources */,
				E9898E9B224A01F300CF63EC /* CartListCell.swift in Sources */,
				E9730619223F8766006AE040 /* APIManager.swift in Sources */,
				F21A2F0D224CFE71008D675A /* String.swift in Sources */,
				E97305DE223F7B47006AE040 /* ViewController.swift in Sources */,
				F2B0FD56224B8BB80071254B /* OrderDetailModel.swift in Sources */,
				F21A2EF3224CAA44008D675A /* AddressModel.swift in Sources */,
				E96E06AA2244D34B00D2A0CC /* ProductDetailViewModel.swift in Sources */,
				E97305DC223F7B47006AE040 /* AppDelegate.swift in Sources */,
				E9FD92A62241150E0079A039 /* UserModel.swift in Sources */,
				E9CD301122450743005CA871 /* UIVIew.swift in Sources */,
				E973061E223FAF79006AE040 /* NavigationController.swift in Sources */,
				E9B099732249016A00F3B11C /* CartListViewModel.swift in Sources */,
				E9FD92AF224205260079A039 /* UIButton.swift in Sources */,
				F2B0FD6D224BB3E10071254B /* AddressView.swift in Sources */,
				F2B0FD5C224B8D5F0071254B /* OrderDetailView.swift in Sources */,
				E9FD92A22240FEFA0079A039 /* LoginViewModel.swift in Sources */,
				E97306B12240BA23006AE040 /* KeyboardManager.swift in Sources */,
				E96E069F2244C37600D2A0CC /* ProductDetailView.swift in Sources */,
				F2B0FD67224BA4750071254B /* UILabel.swift in Sources */,
				E97306B72240C901006AE040 /* RegisterViewModel.swift in Sources */,
				E9FD92AD224122950079A039 /* KeychainConfiguration.swift in Sources */,
				E96D1FE7224B41F300F93DCD /* OrderListModel.swift in Sources */,
				E96D1FE0224B40AF00F93DCD /* MyOrderListView.swift in Sources */,
				E97306B52240C6AA006AE040 /* RegisterModel.swift in Sources */,
				E9B099782249025E00F3B11C /* CartListView.swift in Sources */,
				F250E7DB224DFAB200720F0C /* ResetPasswordView.swift in Sources */,
				E9FD92AB224122300079A039 /* KeychainPasswordItem.swift in Sources */,
				E9B09982224905F000F3B11C /* SideMenuView.swift in Sources */,
				E9FD92BA224212F10079A039 /* ImageCollectionViewCell.swift in Sources */,
				F21A2EEF224CA982008D675A /* AdressViewModel.swift in Sources */,
				F21A2F09224CDCA2008D675A /* MyAccountViewModel.swift in Sources */,
				F21A2EF8224CB9D5008D675A /* UIAlertController.swift in Sources */,
				E9FD92B2224205A60079A039 /* CustomButton.swift in Sources */,
				E973061C223F8990006AE040 /* Constants.swift in Sources */,
				E9FD92C522421A740079A039 /* HomeViewModel.swift in Sources */,
				E96D1FEB224B423700F93DCD /* OrderListViewModel.swift in Sources */,
				E98691192248B6770042F6F9 /* BuyProductView.swift in Sources */,
				E97306AF2240B456006AE040 /* Utilities.swift in Sources */,
				F2B0FD63224B8D900071254B /* OrderDetailViewModel.swift in Sources */,
				E9FD92F7224251940079A039 /* ProductListViewModel.swift in Sources */,
				E96E068D2244B1C900D2A0CC /* UIImageView.swift in Sources */,
				E9B0996F2248FF7600F3B11C /* CartListModel.swift in Sources */,
				E98691222248E9010042F6F9 /* RateProductView.swift in Sources */,
				E96E06A62244CFC700D2A0CC /* ProductDetailModel.swift in Sources */,
				F21A2F05224CD771008D675A /* ProductCatagoryModel.swift in Sources */,
				E96E06912244B2EC00D2A0CC /* CacheManager.swift in Sources */,
				F21A2EFE224CCF25008D675A /* MyAccountView.swift in Sources */,
				E9FD92B622420B800079A039 /* HomeView.swift in Sources */,
				E9FD92FC224252EB0079A039 /* ProductCell.swift in Sources */,
				F2CBC911224B7B3700BCA58E /* MyOrderCell.swift in Sources */,
				E9B0998A2249089000F3B11C /* SideMenuCell.swift in Sources */,
				E96E06992244C32500D2A0CC /* ReachabilityChecker.swift in Sources */,
				E9FD92C122421A310079A039 /* HomeModel.swift in Sources */,
				E973069B223FC1C8006AE040 /* CustomTextField.swift in Sources */,
			);
			runOnlyForDeploymentPostprocessing = 0;
		};
		E97305E8223F7B54006AE040 /* Sources */ = {
			isa = PBXSourcesBuildPhase;
			buildActionMask = 2147483647;
			files = (
				F250E7DC224DFAB200720F0C /* ResetPasswordView.swift in Sources */,
				E96D1FE8224B41F300F93DCD /* OrderListModel.swift in Sources */,
				E9B099742249016A00F3B11C /* CartListViewModel.swift in Sources */,
				E98691232248E9010042F6F9 /* RateProductView.swift in Sources */,
				E9FD92BB224212F10079A039 /* ImageCollectionViewCell.swift in Sources */,
				F2B0FD64224B8D900071254B /* OrderDetailViewModel.swift in Sources */,
				E96E06A02244C37600D2A0CC /* ProductDetailView.swift in Sources */,
				F2B0FD68224BA4750071254B /* UILabel.swift in Sources */,
				F21A2F06224CD771008D675A /* ProductCatagoryModel.swift in Sources */,
				E97305F1223F7B54006AE040 /* NeoStoreTests.swift in Sources */,
				E96E06962244C31E00D2A0CC /* Reachability.swift in Sources */,
				E9FD92C222421A310079A039 /* HomeModel.swift in Sources */,
				E96E06A72244CFC700D2A0CC /* ProductDetailModel.swift in Sources */,
				E9FD92C622421A740079A039 /* HomeViewModel.swift in Sources */,
				E9898E9C224A01F300CF63EC /* CartListCell.swift in Sources */,
				F21A2EFF224CCF25008D675A /* MyAccountView.swift in Sources */,
				E96E06AB2244D34B00D2A0CC /* ProductDetailViewModel.swift in Sources */,
				E96D1FEC224B423700F93DCD /* OrderListViewModel.swift in Sources */,
				E9B36DED224A542D006CF955 /* CartListFooterView.swift in Sources */,
				F2B0FD5D224B8D5F0071254B /* OrderDetailView.swift in Sources */,
				F2B0FD6E224BB3E10071254B /* AddressView.swift in Sources */,
				F2CBC912224B7B3700BCA58E /* MyOrderCell.swift in Sources */,
				F21A2EF4224CAA44008D675A /* AddressModel.swift in Sources */,
				E9B099792249025E00F3B11C /* CartListView.swift in Sources */,
				E96D1FE1224B40AF00F93DCD /* MyOrderListView.swift in Sources */,
				E9B099702248FF7600F3B11C /* CartListModel.swift in Sources */,
				E96E069A2244C32500D2A0CC /* ReachabilityChecker.swift in Sources */,
				E96E068E2244B1C900D2A0CC /* UIImageView.swift in Sources */,
				E96E06922244B2EC00D2A0CC /* CacheManager.swift in Sources */,
				E9B0998B2249089000F3B11C /* SideMenuCell.swift in Sources */,
				E9B09983224905F000F3B11C /* SideMenuView.swift in Sources */,
				F21A2F0E224CFE71008D675A /* String.swift in Sources */,
				F21A2EF9224CB9D5008D675A /* UIAlertController.swift in Sources */,
				E986911A2248B6770042F6F9 /* BuyProductView.swift in Sources */,
				E9FD92E522424F6F0079A039 /* ProductListView.swift in Sources */,
				E9FD92FD224252EB0079A039 /* ProductCell.swift in Sources */,
				F21A2F0A224CDCA2008D675A /* MyAccountViewModel.swift in Sources */,
				E9FD92F4224251580079A039 /* ProductListModel.swift in Sources */,
				E9FD92F8224251940079A039 /* ProductListViewModel.swift in Sources */,
				F21A2EF0224CA982008D675A /* AdressViewModel.swift in Sources */,
				F2B0FD57224B8BB80071254B /* OrderDetailModel.swift in Sources */,
			);
			runOnlyForDeploymentPostprocessing = 0;
		};
		E97305F3223F7B54006AE040 /* Sources */ = {
			isa = PBXSourcesBuildPhase;
			buildActionMask = 2147483647;
			files = (
				F250E7DD224DFAB200720F0C /* ResetPasswordView.swift in Sources */,
				E96D1FE9224B41F300F93DCD /* OrderListModel.swift in Sources */,
				E9B099752249016A00F3B11C /* CartListViewModel.swift in Sources */,
				E98691242248E9010042F6F9 /* RateProductView.swift in Sources */,
				E9FD92BC224212F10079A039 /* ImageCollectionViewCell.swift in Sources */,
				F2B0FD65224B8D900071254B /* OrderDetailViewModel.swift in Sources */,
				E96E06A12244C37600D2A0CC /* ProductDetailView.swift in Sources */,
				F2B0FD69224BA4750071254B /* UILabel.swift in Sources */,
				F21A2F07224CD771008D675A /* ProductCatagoryModel.swift in Sources */,
				E97305FC223F7B54006AE040 /* NeoStoreUITests.swift in Sources */,
				E96E06972244C31E00D2A0CC /* Reachability.swift in Sources */,
				E9FD92C322421A310079A039 /* HomeModel.swift in Sources */,
				E96E06A82244CFC700D2A0CC /* ProductDetailModel.swift in Sources */,
				E9FD92C722421A740079A039 /* HomeViewModel.swift in Sources */,
				E9898E9D224A01F300CF63EC /* CartListCell.swift in Sources */,
				F21A2F00224CCF25008D675A /* MyAccountView.swift in Sources */,
				E96E06AC2244D34B00D2A0CC /* ProductDetailViewModel.swift in Sources */,
				E96D1FED224B423700F93DCD /* OrderListViewModel.swift in Sources */,
				E9B36DEE224A542D006CF955 /* CartListFooterView.swift in Sources */,
				F2B0FD5E224B8D5F0071254B /* OrderDetailView.swift in Sources */,
				F2B0FD6F224BB3E10071254B /* AddressView.swift in Sources */,
				F2CBC913224B7B3700BCA58E /* MyOrderCell.swift in Sources */,
				F21A2EF5224CAA44008D675A /* AddressModel.swift in Sources */,
				E9B0997A2249025E00F3B11C /* CartListView.swift in Sources */,
				E96D1FE2224B40AF00F93DCD /* MyOrderListView.swift in Sources */,
				E9B099712248FF7600F3B11C /* CartListModel.swift in Sources */,
				E96E069B2244C32500D2A0CC /* ReachabilityChecker.swift in Sources */,
				E96E068F2244B1C900D2A0CC /* UIImageView.swift in Sources */,
				E96E06932244B2EC00D2A0CC /* CacheManager.swift in Sources */,
				E9B0998C2249089000F3B11C /* SideMenuCell.swift in Sources */,
				E9B09984224905F000F3B11C /* SideMenuView.swift in Sources */,
				F21A2F0F224CFE71008D675A /* String.swift in Sources */,
				F21A2EFA224CB9D5008D675A /* UIAlertController.swift in Sources */,
				E986911B2248B6770042F6F9 /* BuyProductView.swift in Sources */,
				E9FD92E622424F6F0079A039 /* ProductListView.swift in Sources */,
				E9FD92FE224252EB0079A039 /* ProductCell.swift in Sources */,
				F21A2F0B224CDCA2008D675A /* MyAccountViewModel.swift in Sources */,
				E9FD92F5224251580079A039 /* ProductListModel.swift in Sources */,
				E9FD92F9224251940079A039 /* ProductListViewModel.swift in Sources */,
				F21A2EF1224CA982008D675A /* AdressViewModel.swift in Sources */,
				F2B0FD58224B8BB80071254B /* OrderDetailModel.swift in Sources */,
			);
			runOnlyForDeploymentPostprocessing = 0;
		};
/* End PBXSourcesBuildPhase section */

/* Begin PBXTargetDependency section */
		E97305EE223F7B54006AE040 /* PBXTargetDependency */ = {
			isa = PBXTargetDependency;
			target = E97305D7223F7B47006AE040 /* NeoStore */;
			targetProxy = E97305ED223F7B54006AE040 /* PBXContainerItemProxy */;
		};
		E97305F9223F7B54006AE040 /* PBXTargetDependency */ = {
			isa = PBXTargetDependency;
			target = E97305D7223F7B47006AE040 /* NeoStore */;
			targetProxy = E97305F8223F7B54006AE040 /* PBXContainerItemProxy */;
		};
/* End PBXTargetDependency section */

/* Begin PBXVariantGroup section */
		E97305E4223F7B53006AE040 /* LaunchScreen.storyboard */ = {
			isa = PBXVariantGroup;
			children = (
				E97305E5223F7B53006AE040 /* Base */,
			);
			name = LaunchScreen.storyboard;
			sourceTree = "<group>";
		};
/* End PBXVariantGroup section */

/* Begin XCBuildConfiguration section */
		E97305FE223F7B54006AE040 /* Debug */ = {
			isa = XCBuildConfiguration;
			buildSettings = {
				ALWAYS_SEARCH_USER_PATHS = NO;
				CLANG_ANALYZER_NONNULL = YES;
				CLANG_ANALYZER_NUMBER_OBJECT_CONVERSION = YES_AGGRESSIVE;
				CLANG_CXX_LANGUAGE_STANDARD = "gnu++14";
				CLANG_CXX_LIBRARY = "libc++";
				CLANG_ENABLE_MODULES = YES;
				CLANG_ENABLE_OBJC_ARC = YES;
				CLANG_ENABLE_OBJC_WEAK = YES;
				CLANG_WARN_BLOCK_CAPTURE_AUTORELEASING = YES;
				CLANG_WARN_BOOL_CONVERSION = YES;
				CLANG_WARN_COMMA = YES;
				CLANG_WARN_CONSTANT_CONVERSION = YES;
				CLANG_WARN_DEPRECATED_OBJC_IMPLEMENTATIONS = YES;
				CLANG_WARN_DIRECT_OBJC_ISA_USAGE = YES_ERROR;
				CLANG_WARN_DOCUMENTATION_COMMENTS = YES;
				CLANG_WARN_EMPTY_BODY = YES;
				CLANG_WARN_ENUM_CONVERSION = YES;
				CLANG_WARN_INFINITE_RECURSION = YES;
				CLANG_WARN_INT_CONVERSION = YES;
				CLANG_WARN_NON_LITERAL_NULL_CONVERSION = YES;
				CLANG_WARN_OBJC_IMPLICIT_RETAIN_SELF = YES;
				CLANG_WARN_OBJC_LITERAL_CONVERSION = YES;
				CLANG_WARN_OBJC_ROOT_CLASS = YES_ERROR;
				CLANG_WARN_RANGE_LOOP_ANALYSIS = YES;
				CLANG_WARN_STRICT_PROTOTYPES = YES;
				CLANG_WARN_SUSPICIOUS_MOVE = YES;
				CLANG_WARN_UNGUARDED_AVAILABILITY = YES_AGGRESSIVE;
				CLANG_WARN_UNREACHABLE_CODE = YES;
				CLANG_WARN__DUPLICATE_METHOD_MATCH = YES;
				CODE_SIGN_IDENTITY = "iPhone Developer";
				COPY_PHASE_STRIP = NO;
				DEBUG_INFORMATION_FORMAT = dwarf;
				ENABLE_STRICT_OBJC_MSGSEND = YES;
				ENABLE_TESTABILITY = YES;
				GCC_C_LANGUAGE_STANDARD = gnu11;
				GCC_DYNAMIC_NO_PIC = NO;
				GCC_NO_COMMON_BLOCKS = YES;
				GCC_OPTIMIZATION_LEVEL = 0;
				GCC_PREPROCESSOR_DEFINITIONS = (
					"DEBUG=1",
					"$(inherited)",
				);
				GCC_WARN_64_TO_32_BIT_CONVERSION = YES;
				GCC_WARN_ABOUT_RETURN_TYPE = YES_ERROR;
				GCC_WARN_UNDECLARED_SELECTOR = YES;
				GCC_WARN_UNINITIALIZED_AUTOS = YES_AGGRESSIVE;
				GCC_WARN_UNUSED_FUNCTION = YES;
				GCC_WARN_UNUSED_VARIABLE = YES;
				IPHONEOS_DEPLOYMENT_TARGET = 12.1;
				MTL_ENABLE_DEBUG_INFO = INCLUDE_SOURCE;
				MTL_FAST_MATH = YES;
				ONLY_ACTIVE_ARCH = YES;
				SDKROOT = iphoneos;
				SWIFT_ACTIVE_COMPILATION_CONDITIONS = DEBUG;
				SWIFT_OPTIMIZATION_LEVEL = "-Onone";
			};
			name = Debug;
		};
		E97305FF223F7B54006AE040 /* Release */ = {
			isa = XCBuildConfiguration;
			buildSettings = {
				ALWAYS_SEARCH_USER_PATHS = NO;
				CLANG_ANALYZER_NONNULL = YES;
				CLANG_ANALYZER_NUMBER_OBJECT_CONVERSION = YES_AGGRESSIVE;
				CLANG_CXX_LANGUAGE_STANDARD = "gnu++14";
				CLANG_CXX_LIBRARY = "libc++";
				CLANG_ENABLE_MODULES = YES;
				CLANG_ENABLE_OBJC_ARC = YES;
				CLANG_ENABLE_OBJC_WEAK = YES;
				CLANG_WARN_BLOCK_CAPTURE_AUTORELEASING = YES;
				CLANG_WARN_BOOL_CONVERSION = YES;
				CLANG_WARN_COMMA = YES;
				CLANG_WARN_CONSTANT_CONVERSION = YES;
				CLANG_WARN_DEPRECATED_OBJC_IMPLEMENTATIONS = YES;
				CLANG_WARN_DIRECT_OBJC_ISA_USAGE = YES_ERROR;
				CLANG_WARN_DOCUMENTATION_COMMENTS = YES;
				CLANG_WARN_EMPTY_BODY = YES;
				CLANG_WARN_ENUM_CONVERSION = YES;
				CLANG_WARN_INFINITE_RECURSION = YES;
				CLANG_WARN_INT_CONVERSION = YES;
				CLANG_WARN_NON_LITERAL_NULL_CONVERSION = YES;
				CLANG_WARN_OBJC_IMPLICIT_RETAIN_SELF = YES;
				CLANG_WARN_OBJC_LITERAL_CONVERSION = YES;
				CLANG_WARN_OBJC_ROOT_CLASS = YES_ERROR;
				CLANG_WARN_RANGE_LOOP_ANALYSIS = YES;
				CLANG_WARN_STRICT_PROTOTYPES = YES;
				CLANG_WARN_SUSPICIOUS_MOVE = YES;
				CLANG_WARN_UNGUARDED_AVAILABILITY = YES_AGGRESSIVE;
				CLANG_WARN_UNREACHABLE_CODE = YES;
				CLANG_WARN__DUPLICATE_METHOD_MATCH = YES;
				CODE_SIGN_IDENTITY = "iPhone Developer";
				COPY_PHASE_STRIP = NO;
				DEBUG_INFORMATION_FORMAT = "dwarf-with-dsym";
				ENABLE_NS_ASSERTIONS = NO;
				ENABLE_STRICT_OBJC_MSGSEND = YES;
				GCC_C_LANGUAGE_STANDARD = gnu11;
				GCC_NO_COMMON_BLOCKS = YES;
				GCC_WARN_64_TO_32_BIT_CONVERSION = YES;
				GCC_WARN_ABOUT_RETURN_TYPE = YES_ERROR;
				GCC_WARN_UNDECLARED_SELECTOR = YES;
				GCC_WARN_UNINITIALIZED_AUTOS = YES_AGGRESSIVE;
				GCC_WARN_UNUSED_FUNCTION = YES;
				GCC_WARN_UNUSED_VARIABLE = YES;
				IPHONEOS_DEPLOYMENT_TARGET = 12.1;
				MTL_ENABLE_DEBUG_INFO = NO;
				MTL_FAST_MATH = YES;
				SDKROOT = iphoneos;
				SWIFT_COMPILATION_MODE = wholemodule;
				SWIFT_OPTIMIZATION_LEVEL = "-O";
				VALIDATE_PRODUCT = YES;
			};
			name = Release;
		};
		E9730601223F7B54006AE040 /* Debug */ = {
			isa = XCBuildConfiguration;
			buildSettings = {
				ASSETCATALOG_COMPILER_APPICON_NAME = AppIcon;
				CLANG_ENABLE_MODULES = YES;
				CODE_SIGN_IDENTITY = "iPhone Developer: prathamesh navghare (ZQZUJ88J4H)";
				CODE_SIGN_STYLE = Manual;
				DEVELOPMENT_TEAM = 9LF24P7WQU;
				INFOPLIST_FILE = "$(SRCROOT)/NeoStore/App/Info.plist";
				LD_RUNPATH_SEARCH_PATHS = (
					"$(inherited)",
					"@executable_path/Frameworks",
				);
				PRODUCT_BUNDLE_IDENTIFIER = com.neosofttech.NeoStore;
				PRODUCT_NAME = "$(TARGET_NAME)";
				PROVISIONING_PROFILE_SPECIFIER = Development_WildCard;
				SWIFT_OBJC_BRIDGING_HEADER = "";
				SWIFT_OPTIMIZATION_LEVEL = "-Onone";
				SWIFT_VERSION = 4.2;
				TARGETED_DEVICE_FAMILY = "1,2";
			};
			name = Debug;
		};
		E9730602223F7B54006AE040 /* Release */ = {
			isa = XCBuildConfiguration;
			buildSettings = {
				ASSETCATALOG_COMPILER_APPICON_NAME = AppIcon;
				CLANG_ENABLE_MODULES = YES;
				CODE_SIGN_IDENTITY = "iPhone Developer: prathamesh navghare (ZQZUJ88J4H)";
				CODE_SIGN_STYLE = Manual;
				DEVELOPMENT_TEAM = 9LF24P7WQU;
				INFOPLIST_FILE = "$(SRCROOT)/NeoStore/App/Info.plist";
				LD_RUNPATH_SEARCH_PATHS = (
					"$(inherited)",
					"@executable_path/Frameworks",
				);
				PRODUCT_BUNDLE_IDENTIFIER = com.neosofttech.NeoStore;
				PRODUCT_NAME = "$(TARGET_NAME)";
				PROVISIONING_PROFILE_SPECIFIER = Development_WildCard;
				SWIFT_OBJC_BRIDGING_HEADER = "";
				SWIFT_VERSION = 4.2;
				TARGETED_DEVICE_FAMILY = "1,2";
			};
			name = Release;
		};
		E9730604223F7B54006AE040 /* Debug */ = {
			isa = XCBuildConfiguration;
			buildSettings = {
				ALWAYS_EMBED_SWIFT_STANDARD_LIBRARIES = YES;
				BUNDLE_LOADER = "$(TEST_HOST)";
				CLANG_ENABLE_MODULES = YES;
				CODE_SIGN_STYLE = Automatic;
				DEVELOPMENT_TEAM = 74AK7XK4V2;
				INFOPLIST_FILE = NeoStoreTests/Info.plist;
				LD_RUNPATH_SEARCH_PATHS = (
					"$(inherited)",
					"@executable_path/Frameworks",
					"@loader_path/Frameworks",
				);
				PRODUCT_BUNDLE_IDENTIFIER = com.tejasmitna.NeoStoreTests;
				PRODUCT_NAME = "$(TARGET_NAME)";
				SWIFT_OBJC_BRIDGING_HEADER = "NeoStore/New Group/NeoStoreTests-Bridging-Header.h";
				SWIFT_OPTIMIZATION_LEVEL = "-Onone";
				SWIFT_VERSION = 4.2;
				TARGETED_DEVICE_FAMILY = "1,2";
				TEST_HOST = "$(BUILT_PRODUCTS_DIR)/NeoStore.app/NeoStore";
			};
			name = Debug;
		};
		E9730605223F7B54006AE040 /* Release */ = {
			isa = XCBuildConfiguration;
			buildSettings = {
				ALWAYS_EMBED_SWIFT_STANDARD_LIBRARIES = YES;
				BUNDLE_LOADER = "$(TEST_HOST)";
				CLANG_ENABLE_MODULES = YES;
				CODE_SIGN_STYLE = Automatic;
				DEVELOPMENT_TEAM = 74AK7XK4V2;
				INFOPLIST_FILE = NeoStoreTests/Info.plist;
				LD_RUNPATH_SEARCH_PATHS = (
					"$(inherited)",
					"@executable_path/Frameworks",
					"@loader_path/Frameworks",
				);
				PRODUCT_BUNDLE_IDENTIFIER = com.tejasmitna.NeoStoreTests;
				PRODUCT_NAME = "$(TARGET_NAME)";
				SWIFT_OBJC_BRIDGING_HEADER = "NeoStore/New Group/NeoStoreTests-Bridging-Header.h";
				SWIFT_VERSION = 4.2;
				TARGETED_DEVICE_FAMILY = "1,2";
				TEST_HOST = "$(BUILT_PRODUCTS_DIR)/NeoStore.app/NeoStore";
			};
			name = Release;
		};
		E9730607223F7B54006AE040 /* Debug */ = {
			isa = XCBuildConfiguration;
			buildSettings = {
				ALWAYS_EMBED_SWIFT_STANDARD_LIBRARIES = YES;
				CLANG_ENABLE_MODULES = YES;
				CODE_SIGN_STYLE = Automatic;
				DEVELOPMENT_TEAM = 74AK7XK4V2;
				INFOPLIST_FILE = NeoStoreUITests/Info.plist;
				LD_RUNPATH_SEARCH_PATHS = (
					"$(inherited)",
					"@executable_path/Frameworks",
					"@loader_path/Frameworks",
				);
				PRODUCT_BUNDLE_IDENTIFIER = com.tejasmitna.NeoStoreUITests;
				PRODUCT_NAME = "$(TARGET_NAME)";
				SWIFT_OBJC_BRIDGING_HEADER = "NeoStore/New Group/NeoStoreUITests-Bridging-Header.h";
				SWIFT_OPTIMIZATION_LEVEL = "-Onone";
				SWIFT_VERSION = 4.2;
				TARGETED_DEVICE_FAMILY = "1,2";
				TEST_TARGET_NAME = NeoStore;
			};
			name = Debug;
		};
		E9730608223F7B54006AE040 /* Release */ = {
			isa = XCBuildConfiguration;
			buildSettings = {
				ALWAYS_EMBED_SWIFT_STANDARD_LIBRARIES = YES;
				CLANG_ENABLE_MODULES = YES;
				CODE_SIGN_STYLE = Automatic;
				DEVELOPMENT_TEAM = 74AK7XK4V2;
				INFOPLIST_FILE = NeoStoreUITests/Info.plist;
				LD_RUNPATH_SEARCH_PATHS = (
					"$(inherited)",
					"@executable_path/Frameworks",
					"@loader_path/Frameworks",
				);
				PRODUCT_BUNDLE_IDENTIFIER = com.tejasmitna.NeoStoreUITests;
				PRODUCT_NAME = "$(TARGET_NAME)";
				SWIFT_OBJC_BRIDGING_HEADER = "NeoStore/New Group/NeoStoreUITests-Bridging-Header.h";
				SWIFT_VERSION = 4.2;
				TARGETED_DEVICE_FAMILY = "1,2";
				TEST_TARGET_NAME = NeoStore;
			};
			name = Release;
		};
/* End XCBuildConfiguration section */

/* Begin XCConfigurationList section */
		E97305D3223F7B47006AE040 /* Build configuration list for PBXProject "NeoStore" */ = {
			isa = XCConfigurationList;
			buildConfigurations = (
				E97305FE223F7B54006AE040 /* Debug */,
				E97305FF223F7B54006AE040 /* Release */,
			);
			defaultConfigurationIsVisible = 0;
			defaultConfigurationName = Release;
		};
		E9730600223F7B54006AE040 /* Build configuration list for PBXNativeTarget "NeoStore" */ = {
			isa = XCConfigurationList;
			buildConfigurations = (
				E9730601223F7B54006AE040 /* Debug */,
				E9730602223F7B54006AE040 /* Release */,
			);
			defaultConfigurationIsVisible = 0;
			defaultConfigurationName = Release;
		};
		E9730603223F7B54006AE040 /* Build configuration list for PBXNativeTarget "NeoStoreTests" */ = {
			isa = XCConfigurationList;
			buildConfigurations = (
				E9730604223F7B54006AE040 /* Debug */,
				E9730605223F7B54006AE040 /* Release */,
			);
			defaultConfigurationIsVisible = 0;
			defaultConfigurationName = Release;
		};
		E9730606223F7B54006AE040 /* Build configuration list for PBXNativeTarget "NeoStoreUITests" */ = {
			isa = XCConfigurationList;
			buildConfigurations = (
				E9730607223F7B54006AE040 /* Debug */,
				E9730608223F7B54006AE040 /* Release */,
			);
			defaultConfigurationIsVisible = 0;
			defaultConfigurationName = Release;
		};
/* End XCConfigurationList section */
	};
	rootObject = E97305D0223F7B47006AE040 /* Project object */;
}
